// !$*UTF8*$!
{
	archiveVersion = 1;
	classes = {
	};
	objectVersion = 55;
	objects = {

/* Begin PBXBuildFile section */
		0DC5752327356DAA00825A7C /* LogicTests.swift in Sources */ = {isa = PBXBuildFile; fileRef = FB8AA036B512C36FF0DCC8F2 /* LogicTests.swift */; };
		2A2585B42727F92100A7E810 /* Podfile in Resources */ = {isa = PBXBuildFile; fileRef = 2A2585B32727F92100A7E810 /* Podfile */; };
		2AAE102B272840D300064246 /* FlipperFeature.swift in Sources */ = {isa = PBXBuildFile; fileRef = 2AAE1017272840D200064246 /* FlipperFeature.swift */; };
		2AAE102D272840D300064246 /* InAppApi.swift in Sources */ = {isa = PBXBuildFile; fileRef = 2AAE1013272840D200064246 /* InAppApi.swift */; };
		2AAE102E272840D300064246 /* InboxApi.swift in Sources */ = {isa = PBXBuildFile; fileRef = 2AAE1014272840D200064246 /* InboxApi.swift */; };
		2AAE1030272849F100064246 /* PushApi.swift in Sources */ = {isa = PBXBuildFile; fileRef = 2AAE1021272840D300064246 /* PushApi.swift */; };
		2AAE1031272849FF00064246 /* OnEventActionApi.swift in Sources */ = {isa = PBXBuildFile; fileRef = 2AAE1016272840D200064246 /* OnEventActionApi.swift */; };
		2AAE103227284A1400064246 /* GeofenceApi.swift in Sources */ = {isa = PBXBuildFile; fileRef = 2AAE1019272840D200064246 /* GeofenceApi.swift */; };
		2AAE103327284A1900064246 /* PredictApi.swift in Sources */ = {isa = PBXBuildFile; fileRef = 2AAE101B272840D200064246 /* PredictApi.swift */; };
		2AAE103427284A1E00064246 /* ConfigApi.swift in Sources */ = {isa = PBXBuildFile; fileRef = 2AAE101D272840D300064246 /* ConfigApi.swift */; };
		5D2945E827215C45007FC73F /* ios_emarsys_sdk_swift.docc in Sources */ = {isa = PBXBuildFile; fileRef = 5D2945E727215C45007FC73F /* ios_emarsys_sdk_swift.docc */; };
		5D2945EE27215C45007FC73F /* ios_emarsys_sdk_swift.framework in Frameworks */ = {isa = PBXBuildFile; fileRef = 5D2945E327215C45007FC73F /* ios_emarsys_sdk_swift.framework */; };
		5D2945F327215C45007FC73F /* ios_emarsys_sdk_swiftTests.swift in Sources */ = {isa = PBXBuildFile; fileRef = 5D2945F227215C45007FC73F /* ios_emarsys_sdk_swiftTests.swift */; };
		5D29460027216019007FC73F /* EmarsysSDKSwift.podspec in Resources */ = {isa = PBXBuildFile; fileRef = 5D2945FF27216019007FC73F /* EmarsysSDKSwift.podspec */; };
		5D2F0D9D273A6C93004D35B0 /* SDKHostSwiftApp.swift in Sources */ = {isa = PBXBuildFile; fileRef = 5D2F0D9C273A6C93004D35B0 /* SDKHostSwiftApp.swift */; };
		5D2F0D9F273A6C93004D35B0 /* ContentView.swift in Sources */ = {isa = PBXBuildFile; fileRef = 5D2F0D9E273A6C93004D35B0 /* ContentView.swift */; };
		5D2F0DA1273A6C94004D35B0 /* Assets.xcassets in Resources */ = {isa = PBXBuildFile; fileRef = 5D2F0DA0273A6C94004D35B0 /* Assets.xcassets */; };
		5D2F0DA4273A6C94004D35B0 /* Preview Assets.xcassets in Resources */ = {isa = PBXBuildFile; fileRef = 5D2F0DA3273A6C94004D35B0 /* Preview Assets.xcassets */; };
		5D4745E727297FC5007ECAD6 /* Emarsys.swift in Sources */ = {isa = PBXBuildFile; fileRef = 5D4745E627297FC5007ECAD6 /* Emarsys.swift */; };
		5D4745E927298260007ECAD6 /* Config.swift in Sources */ = {isa = PBXBuildFile; fileRef = 5D4745E827298260007ECAD6 /* Config.swift */; };
		5D4745EB272982AC007ECAD6 /* LogLevelProtocol.swift in Sources */ = {isa = PBXBuildFile; fileRef = 5D4745EA272982AC007ECAD6 /* LogLevelProtocol.swift */; };
		5D4745EF272988C8007ECAD6 /* NotificationInformation.swift in Sources */ = {isa = PBXBuildFile; fileRef = 5D4745EE272988C8007ECAD6 /* NotificationInformation.swift */; };
		C4DC807A33FDA8D57929CC45 /* Pods_ios_emarsys_sdk_swift.framework in Frameworks */ = {isa = PBXBuildFile; fileRef = 840DFF068AB633B0878B4D48 /* Pods_ios_emarsys_sdk_swift.framework */; };
		E7749E5E831F877C89044E0F /* Pods_ios_emarsys_sdk_swiftTests.framework in Frameworks */ = {isa = PBXBuildFile; fileRef = 38FB2FCD5CADD1037BE1E170 /* Pods_ios_emarsys_sdk_swiftTests.framework */; };
		FB89B2DA46EC705E655488DE /* EventPublisher.swift in Sources */ = {isa = PBXBuildFile; fileRef = FB89B79DE5A24FDFC6F7A067 /* EventPublisher.swift */; };
		FB89B37D0B6AF7C46408535B /* Event.swift in Sources */ = {isa = PBXBuildFile; fileRef = FB89BA9EFB9A14EA8170D85A /* Event.swift */; };
		FB89B3A64A60B8F6B449CD2E /* CartItem.swift in Sources */ = {isa = PBXBuildFile; fileRef = FB89B7FAA67A859BABA8E63A /* CartItem.swift */; };
		FB89B41C3FEB14F8CA4BA51D /* NotificationInformationPublisher.swift in Sources */ = {isa = PBXBuildFile; fileRef = FB89BB6309A501CE10FA30C8 /* NotificationInformationPublisher.swift */; };
		FB89B5118F847604589471E9 /* RecommendationFilter.swift in Sources */ = {isa = PBXBuildFile; fileRef = FB89BF69DFF669AFEB54D5DB /* RecommendationFilter.swift */; };
		FB89B5149F16003DAAEAF6AB /* Action.swift in Sources */ = {isa = PBXBuildFile; fileRef = FB89BDFDEEECA711FE2D7A5B /* Action.swift */; };
		FB89B5CBD2BE87DF419304B9 /* Geofence.swift in Sources */ = {isa = PBXBuildFile; fileRef = FB89BEA28EEF852EDF2E97AB /* Geofence.swift */; };
		FB89B742122B85D552F3CD02 /* Product.swift in Sources */ = {isa = PBXBuildFile; fileRef = FB89BA9005BD847B0DF5D3EF /* Product.swift */; };
		FB89BC8514C7A0D48C4D9616 /* InboxMessage.swift in Sources */ = {isa = PBXBuildFile; fileRef = FB89B099BA57BB940B2625DA /* InboxMessage.swift */; };
		FB8AA060E030258E80955F44 /* PredictCartItem.swift in Sources */ = {isa = PBXBuildFile; fileRef = FB8AA1A169B53D9ECD4AEE1C /* PredictCartItem.swift */; };
		FB8AA0C138F990876F5C33B0 /* ComparisonType.swift in Sources */ = {isa = PBXBuildFile; fileRef = FB8AA72E1DA3B2FE4FB8932C /* ComparisonType.swift */; };
		FB8AA1731ED61F678772D0BB /* RecommendationFilterTests.swift in Sources */ = {isa = PBXBuildFile; fileRef = FB8AAC2E05DA3847BCFB47B8 /* RecommendationFilterTests.swift */; };
		FB8AA47C67596EF912BC6952 /* TriggerType.swift in Sources */ = {isa = PBXBuildFile; fileRef = FB8AADF3D2688B1AE22836CF /* TriggerType.swift */; };
		FB8AAA94F8ED81AB7239DBEB /* Trigger.swift in Sources */ = {isa = PBXBuildFile; fileRef = FB8AA9CE9A2FF0654B4981FC /* Trigger.swift */; };
		FB8AACB08D111DD99BB31994 /* Logic.swift in Sources */ = {isa = PBXBuildFile; fileRef = FB8AAAF31022B978FE0764E7 /* Logic.swift */; };
		FB8AACC7C5E4E4733427A1B3 /* LogicType.swift in Sources */ = {isa = PBXBuildFile; fileRef = FB8AADED4ACBBBBD07029966 /* LogicType.swift */; };
/* End PBXBuildFile section */

/* Begin PBXContainerItemProxy section */
		5D2F0DA8273A6C99004D35B0 /* PBXContainerItemProxy */ = {
			isa = PBXContainerItemProxy;
			containerPortal = 5D2945DA27215C45007FC73F /* Project object */;
			proxyType = 1;
			remoteGlobalIDString = 5D2F0D99273A6C93004D35B0;
			remoteInfo = SDKHostSwift;
		};
/* End PBXContainerItemProxy section */

/* Begin PBXFileReference section */
		2A2585B32727F92100A7E810 /* Podfile */ = {isa = PBXFileReference; lastKnownFileType = text; path = Podfile; sourceTree = "<group>"; xcLanguageSpecificationIdentifier = xcode.lang.ruby; };
		2AAE1013272840D200064246 /* InAppApi.swift */ = {isa = PBXFileReference; lastKnownFileType = sourcecode.swift; path = InAppApi.swift; sourceTree = "<group>"; };
		2AAE1014272840D200064246 /* InboxApi.swift */ = {isa = PBXFileReference; lastKnownFileType = sourcecode.swift; path = InboxApi.swift; sourceTree = "<group>"; };
		2AAE1016272840D200064246 /* OnEventActionApi.swift */ = {isa = PBXFileReference; lastKnownFileType = sourcecode.swift; path = OnEventActionApi.swift; sourceTree = "<group>"; };
		2AAE1017272840D200064246 /* FlipperFeature.swift */ = {isa = PBXFileReference; lastKnownFileType = sourcecode.swift; path = FlipperFeature.swift; sourceTree = "<group>"; };
		2AAE1019272840D200064246 /* GeofenceApi.swift */ = {isa = PBXFileReference; lastKnownFileType = sourcecode.swift; path = GeofenceApi.swift; sourceTree = "<group>"; };
		2AAE101B272840D200064246 /* PredictApi.swift */ = {isa = PBXFileReference; lastKnownFileType = sourcecode.swift; path = PredictApi.swift; sourceTree = "<group>"; };
		2AAE101D272840D300064246 /* ConfigApi.swift */ = {isa = PBXFileReference; lastKnownFileType = sourcecode.swift; path = ConfigApi.swift; sourceTree = "<group>"; };
		2AAE1021272840D300064246 /* PushApi.swift */ = {isa = PBXFileReference; lastKnownFileType = sourcecode.swift; path = PushApi.swift; sourceTree = "<group>"; };
		38FB2FCD5CADD1037BE1E170 /* Pods_ios_emarsys_sdk_swiftTests.framework */ = {isa = PBXFileReference; explicitFileType = wrapper.framework; includeInIndex = 0; path = Pods_ios_emarsys_sdk_swiftTests.framework; sourceTree = BUILT_PRODUCTS_DIR; };
		54FE24EBB4400FCC4835EBC8 /* Pods-ios-emarsys-sdk-swiftTests.debug.xcconfig */ = {isa = PBXFileReference; includeInIndex = 1; lastKnownFileType = text.xcconfig; name = "Pods-ios-emarsys-sdk-swiftTests.debug.xcconfig"; path = "Target Support Files/Pods-ios-emarsys-sdk-swiftTests/Pods-ios-emarsys-sdk-swiftTests.debug.xcconfig"; sourceTree = "<group>"; };
		5D2945E327215C45007FC73F /* ios_emarsys_sdk_swift.framework */ = {isa = PBXFileReference; explicitFileType = wrapper.framework; includeInIndex = 0; path = ios_emarsys_sdk_swift.framework; sourceTree = BUILT_PRODUCTS_DIR; };
		5D2945E727215C45007FC73F /* ios_emarsys_sdk_swift.docc */ = {isa = PBXFileReference; lastKnownFileType = folder.documentationcatalog; path = ios_emarsys_sdk_swift.docc; sourceTree = "<group>"; };
		5D2945ED27215C45007FC73F /* ios-emarsys-sdk-swiftTests.xctest */ = {isa = PBXFileReference; explicitFileType = wrapper.cfbundle; includeInIndex = 0; path = "ios-emarsys-sdk-swiftTests.xctest"; sourceTree = BUILT_PRODUCTS_DIR; };
		5D2945F227215C45007FC73F /* ios_emarsys_sdk_swiftTests.swift */ = {isa = PBXFileReference; lastKnownFileType = sourcecode.swift; path = ios_emarsys_sdk_swiftTests.swift; sourceTree = "<group>"; };
		5D2945FF27216019007FC73F /* EmarsysSDKSwift.podspec */ = {isa = PBXFileReference; fileEncoding = 4; lastKnownFileType = text; path = EmarsysSDKSwift.podspec; sourceTree = "<group>"; };
		5D2F0D9A273A6C93004D35B0 /* SDKHostSwift.app */ = {isa = PBXFileReference; explicitFileType = wrapper.application; includeInIndex = 0; path = SDKHostSwift.app; sourceTree = BUILT_PRODUCTS_DIR; };
		5D2F0D9C273A6C93004D35B0 /* SDKHostSwiftApp.swift */ = {isa = PBXFileReference; lastKnownFileType = sourcecode.swift; path = SDKHostSwiftApp.swift; sourceTree = "<group>"; };
		5D2F0D9E273A6C93004D35B0 /* ContentView.swift */ = {isa = PBXFileReference; lastKnownFileType = sourcecode.swift; path = ContentView.swift; sourceTree = "<group>"; };
		5D2F0DA0273A6C94004D35B0 /* Assets.xcassets */ = {isa = PBXFileReference; lastKnownFileType = folder.assetcatalog; path = Assets.xcassets; sourceTree = "<group>"; };
		5D2F0DA3273A6C94004D35B0 /* Preview Assets.xcassets */ = {isa = PBXFileReference; lastKnownFileType = folder.assetcatalog; path = "Preview Assets.xcassets"; sourceTree = "<group>"; };
		5D4745E627297FC5007ECAD6 /* Emarsys.swift */ = {isa = PBXFileReference; fileEncoding = 4; lastKnownFileType = sourcecode.swift; path = Emarsys.swift; sourceTree = "<group>"; };
		5D4745E827298260007ECAD6 /* Config.swift */ = {isa = PBXFileReference; lastKnownFileType = sourcecode.swift; path = Config.swift; sourceTree = "<group>"; };
		5D4745EA272982AC007ECAD6 /* LogLevelProtocol.swift */ = {isa = PBXFileReference; lastKnownFileType = sourcecode.swift; path = LogLevelProtocol.swift; sourceTree = "<group>"; };
		5D4745EE272988C8007ECAD6 /* NotificationInformation.swift */ = {isa = PBXFileReference; lastKnownFileType = sourcecode.swift; path = NotificationInformation.swift; sourceTree = "<group>"; };
		71B212D3ECBAC078DF13E751 /* Pods-ios-emarsys-sdk-swiftTests.release.xcconfig */ = {isa = PBXFileReference; includeInIndex = 1; lastKnownFileType = text.xcconfig; name = "Pods-ios-emarsys-sdk-swiftTests.release.xcconfig"; path = "Target Support Files/Pods-ios-emarsys-sdk-swiftTests/Pods-ios-emarsys-sdk-swiftTests.release.xcconfig"; sourceTree = "<group>"; };
		840DFF068AB633B0878B4D48 /* Pods_ios_emarsys_sdk_swift.framework */ = {isa = PBXFileReference; explicitFileType = wrapper.framework; includeInIndex = 0; path = Pods_ios_emarsys_sdk_swift.framework; sourceTree = BUILT_PRODUCTS_DIR; };
		99803ECFF29ADF6DF6A4B229 /* Pods-ios-emarsys-sdk-swift.release.xcconfig */ = {isa = PBXFileReference; includeInIndex = 1; lastKnownFileType = text.xcconfig; name = "Pods-ios-emarsys-sdk-swift.release.xcconfig"; path = "Target Support Files/Pods-ios-emarsys-sdk-swift/Pods-ios-emarsys-sdk-swift.release.xcconfig"; sourceTree = "<group>"; };
		D1197800FCCF30F163F5B064 /* Pods-ios-emarsys-sdk-swift.debug.xcconfig */ = {isa = PBXFileReference; includeInIndex = 1; lastKnownFileType = text.xcconfig; name = "Pods-ios-emarsys-sdk-swift.debug.xcconfig"; path = "Target Support Files/Pods-ios-emarsys-sdk-swift/Pods-ios-emarsys-sdk-swift.debug.xcconfig"; sourceTree = "<group>"; };
		FB89B099BA57BB940B2625DA /* InboxMessage.swift */ = {isa = PBXFileReference; fileEncoding = 4; lastKnownFileType = sourcecode.swift; path = InboxMessage.swift; sourceTree = "<group>"; };
		FB89B79DE5A24FDFC6F7A067 /* EventPublisher.swift */ = {isa = PBXFileReference; fileEncoding = 4; lastKnownFileType = sourcecode.swift; name = EventPublisher.swift; path = EmarsysSDK/EventPublisher.swift; sourceTree = "<group>"; };
		FB89B7FAA67A859BABA8E63A /* CartItem.swift */ = {isa = PBXFileReference; fileEncoding = 4; lastKnownFileType = sourcecode.swift; path = CartItem.swift; sourceTree = "<group>"; };
		FB89BA9005BD847B0DF5D3EF /* Product.swift */ = {isa = PBXFileReference; fileEncoding = 4; lastKnownFileType = sourcecode.swift; path = Product.swift; sourceTree = "<group>"; };
		FB89BA9EFB9A14EA8170D85A /* Event.swift */ = {isa = PBXFileReference; fileEncoding = 4; lastKnownFileType = sourcecode.swift; name = Event.swift; path = EmarsysSDK/Event.swift; sourceTree = "<group>"; };
		FB89BB6309A501CE10FA30C8 /* NotificationInformationPublisher.swift */ = {isa = PBXFileReference; fileEncoding = 4; lastKnownFileType = sourcecode.swift; name = NotificationInformationPublisher.swift; path = EmarsysSDK/NotificationInformationPublisher.swift; sourceTree = "<group>"; };
		FB89BDFDEEECA711FE2D7A5B /* Action.swift */ = {isa = PBXFileReference; fileEncoding = 4; lastKnownFileType = sourcecode.swift; name = Action.swift; path = EmarsysSDK/Action.swift; sourceTree = "<group>"; };
		FB89BEA28EEF852EDF2E97AB /* Geofence.swift */ = {isa = PBXFileReference; fileEncoding = 4; lastKnownFileType = sourcecode.swift; path = Geofence.swift; sourceTree = "<group>"; };
		FB89BF69DFF669AFEB54D5DB /* RecommendationFilter.swift */ = {isa = PBXFileReference; fileEncoding = 4; lastKnownFileType = sourcecode.swift; path = RecommendationFilter.swift; sourceTree = "<group>"; };
		FB8AA036B512C36FF0DCC8F2 /* LogicTests.swift */ = {isa = PBXFileReference; fileEncoding = 4; lastKnownFileType = sourcecode.swift; path = LogicTests.swift; sourceTree = "<group>"; };
		FB8AA1A169B53D9ECD4AEE1C /* PredictCartItem.swift */ = {isa = PBXFileReference; fileEncoding = 4; lastKnownFileType = sourcecode.swift; path = PredictCartItem.swift; sourceTree = "<group>"; };
		FB8AA72E1DA3B2FE4FB8932C /* ComparisonType.swift */ = {isa = PBXFileReference; fileEncoding = 4; lastKnownFileType = sourcecode.swift; path = ComparisonType.swift; sourceTree = "<group>"; };
		FB8AA9CE9A2FF0654B4981FC /* Trigger.swift */ = {isa = PBXFileReference; fileEncoding = 4; lastKnownFileType = sourcecode.swift; path = Trigger.swift; sourceTree = "<group>"; };
		FB8AAAF31022B978FE0764E7 /* Logic.swift */ = {isa = PBXFileReference; fileEncoding = 4; lastKnownFileType = sourcecode.swift; path = Logic.swift; sourceTree = "<group>"; };
		FB8AAC2E05DA3847BCFB47B8 /* RecommendationFilterTests.swift */ = {isa = PBXFileReference; fileEncoding = 4; lastKnownFileType = sourcecode.swift; path = RecommendationFilterTests.swift; sourceTree = "<group>"; };
		FB8AADED4ACBBBBD07029966 /* LogicType.swift */ = {isa = PBXFileReference; fileEncoding = 4; lastKnownFileType = sourcecode.swift; path = LogicType.swift; sourceTree = "<group>"; };
		FB8AADF3D2688B1AE22836CF /* TriggerType.swift */ = {isa = PBXFileReference; fileEncoding = 4; lastKnownFileType = sourcecode.swift; path = TriggerType.swift; sourceTree = "<group>"; };
/* End PBXFileReference section */

/* Begin PBXFrameworksBuildPhase section */
		5D2945E027215C45007FC73F /* Frameworks */ = {
			isa = PBXFrameworksBuildPhase;
			buildActionMask = 2147483647;
			files = (
				C4DC807A33FDA8D57929CC45 /* Pods_ios_emarsys_sdk_swift.framework in Frameworks */,
			);
			runOnlyForDeploymentPostprocessing = 0;
		};
		5D2945EA27215C45007FC73F /* Frameworks */ = {
			isa = PBXFrameworksBuildPhase;
			buildActionMask = 2147483647;
			files = (
				5D2945EE27215C45007FC73F /* ios_emarsys_sdk_swift.framework in Frameworks */,
				E7749E5E831F877C89044E0F /* Pods_ios_emarsys_sdk_swiftTests.framework in Frameworks */,
			);
			runOnlyForDeploymentPostprocessing = 0;
		};
		5D2F0D97273A6C93004D35B0 /* Frameworks */ = {
			isa = PBXFrameworksBuildPhase;
			buildActionMask = 2147483647;
			files = (
			);
			runOnlyForDeploymentPostprocessing = 0;
		};
/* End PBXFrameworksBuildPhase section */

/* Begin PBXGroup section */
		12D6A302402645FCB49A836C /* Frameworks */ = {
			isa = PBXGroup;
			children = (
				840DFF068AB633B0878B4D48 /* Pods_ios_emarsys_sdk_swift.framework */,
				38FB2FCD5CADD1037BE1E170 /* Pods_ios_emarsys_sdk_swiftTests.framework */,
			);
			name = Frameworks;
			sourceTree = "<group>";
		};
		2AAE1015272840D200064246 /* OnEventAction */ = {
			isa = PBXGroup;
			children = (
				2AAE1016272840D200064246 /* OnEventActionApi.swift */,
			);
			path = OnEventAction;
			sourceTree = "<group>";
		};
		2AAE1018272840D200064246 /* Geofence */ = {
			isa = PBXGroup;
			children = (
				2AAE1019272840D200064246 /* GeofenceApi.swift */,
				FB89BEA28EEF852EDF2E97AB /* Geofence.swift */,
				FB8AA9CE9A2FF0654B4981FC /* Trigger.swift */,
				FB8AADF3D2688B1AE22836CF /* TriggerType.swift */,
			);
			path = Geofence;
			sourceTree = "<group>";
		};
		2AAE101A272840D200064246 /* Predict */ = {
			isa = PBXGroup;
			children = (
				2AAE101B272840D200064246 /* PredictApi.swift */,
				FB89B7FAA67A859BABA8E63A /* CartItem.swift */,
				FB89BF69DFF669AFEB54D5DB /* RecommendationFilter.swift */,
				FB89BA9005BD847B0DF5D3EF /* Product.swift */,
				FB8AAAF31022B978FE0764E7 /* Logic.swift */,
				FB8AADED4ACBBBBD07029966 /* LogicType.swift */,
				FB8AA1A169B53D9ECD4AEE1C /* PredictCartItem.swift */,
				FB8AA72E1DA3B2FE4FB8932C /* ComparisonType.swift */,
			);
			path = Predict;
			sourceTree = "<group>";
		};
		2AAE101C272840D300064246 /* Config */ = {
			isa = PBXGroup;
			children = (
				2AAE101D272840D300064246 /* ConfigApi.swift */,
			);
			path = Config;
			sourceTree = "<group>";
		};
		2AAE1020272840D300064246 /* Push */ = {
			isa = PBXGroup;
			children = (
				2AAE1021272840D300064246 /* PushApi.swift */,
			);
			path = Push;
			sourceTree = "<group>";
		};
		2AAE1027272840D300064246 /* InApp */ = {
			isa = PBXGroup;
			children = (
				2AAE1013272840D200064246 /* InAppApi.swift */,
			);
			path = InApp;
			sourceTree = "<group>";
		};
		2AAE1029272840D300064246 /* MessageInbox */ = {
			isa = PBXGroup;
			children = (
				2AAE1014272840D200064246 /* InboxApi.swift */,
				FB89B099BA57BB940B2625DA /* InboxMessage.swift */,
			);
			path = MessageInbox;
			sourceTree = "<group>";
		};
		5D2945D927215C45007FC73F = {
			isa = PBXGroup;
			children = (
				2A2585B32727F92100A7E810 /* Podfile */,
				5D2945FF27216019007FC73F /* EmarsysSDKSwift.podspec */,
				5D2945E527215C45007FC73F /* ios-emarsys-sdk-swift */,
				5D2945F127215C45007FC73F /* ios-emarsys-sdk-swiftTests */,
				5D2F0D9B273A6C93004D35B0 /* SDKHostSwift */,
				5D2945E427215C45007FC73F /* Products */,
				619FBACF8B007D1524A85FAB /* Pods */,
				12D6A302402645FCB49A836C /* Frameworks */,
			);
			sourceTree = "<group>";
		};
		5D2945E427215C45007FC73F /* Products */ = {
			isa = PBXGroup;
			children = (
				5D2945E327215C45007FC73F /* ios_emarsys_sdk_swift.framework */,
				5D2945ED27215C45007FC73F /* ios-emarsys-sdk-swiftTests.xctest */,
				5D2F0D9A273A6C93004D35B0 /* SDKHostSwift.app */,
			);
			name = Products;
			sourceTree = "<group>";
		};
		5D2945E527215C45007FC73F /* ios-emarsys-sdk-swift */ = {
			isa = PBXGroup;
			children = (
				5D4745E627297FC5007ECAD6 /* Emarsys.swift */,
				2AAE101C272840D300064246 /* Config */,
				2AAE1017272840D200064246 /* FlipperFeature.swift */,
				2AAE1018272840D200064246 /* Geofence */,
				2AAE1027272840D300064246 /* InApp */,
				2AAE1029272840D300064246 /* MessageInbox */,
				2AAE1015272840D200064246 /* OnEventAction */,
				2AAE101A272840D200064246 /* Predict */,
				2AAE1020272840D300064246 /* Push */,
				5D2945E727215C45007FC73F /* ios_emarsys_sdk_swift.docc */,
				5D4745E827298260007ECAD6 /* Config.swift */,
				5D4745EA272982AC007ECAD6 /* LogLevelProtocol.swift */,
				5D4745EE272988C8007ECAD6 /* NotificationInformation.swift */,
				FB89BDFDEEECA711FE2D7A5B /* Action.swift */,
				FB89BA9EFB9A14EA8170D85A /* Event.swift */,
				FB89B79DE5A24FDFC6F7A067 /* EventPublisher.swift */,
				FB89BB6309A501CE10FA30C8 /* NotificationInformationPublisher.swift */,
			);
			path = "ios-emarsys-sdk-swift";
			sourceTree = "<group>";
		};
		5D2945F127215C45007FC73F /* ios-emarsys-sdk-swiftTests */ = {
			isa = PBXGroup;
			children = (
				5D2945F227215C45007FC73F /* ios_emarsys_sdk_swiftTests.swift */,
				FB8AA5219A646BAE3C3A7E89 /* Predict */,
			);
			path = "ios-emarsys-sdk-swiftTests";
			sourceTree = "<group>";
		};
		5D2F0D9B273A6C93004D35B0 /* SDKHostSwift */ = {
			isa = PBXGroup;
			children = (
				5D2F0D9C273A6C93004D35B0 /* SDKHostSwiftApp.swift */,
				5D2F0D9E273A6C93004D35B0 /* ContentView.swift */,
				5D2F0DA0273A6C94004D35B0 /* Assets.xcassets */,
				5D2F0DA2273A6C94004D35B0 /* Preview Content */,
			);
			path = SDKHostSwift;
			sourceTree = "<group>";
		};
		5D2F0DA2273A6C94004D35B0 /* Preview Content */ = {
			isa = PBXGroup;
			children = (
				5D2F0DA3273A6C94004D35B0 /* Preview Assets.xcassets */,
			);
			path = "Preview Content";
			sourceTree = "<group>";
		};
		619FBACF8B007D1524A85FAB /* Pods */ = {
			isa = PBXGroup;
			children = (
				D1197800FCCF30F163F5B064 /* Pods-ios-emarsys-sdk-swift.debug.xcconfig */,
				99803ECFF29ADF6DF6A4B229 /* Pods-ios-emarsys-sdk-swift.release.xcconfig */,
				54FE24EBB4400FCC4835EBC8 /* Pods-ios-emarsys-sdk-swiftTests.debug.xcconfig */,
				71B212D3ECBAC078DF13E751 /* Pods-ios-emarsys-sdk-swiftTests.release.xcconfig */,
			);
			path = Pods;
			sourceTree = "<group>";
		};
		FB8AA5219A646BAE3C3A7E89 /* Predict */ = {
			isa = PBXGroup;
			children = (
				FB8AA036B512C36FF0DCC8F2 /* LogicTests.swift */,
				FB8AAC2E05DA3847BCFB47B8 /* RecommendationFilterTests.swift */,
			);
			path = Predict;
			sourceTree = "<group>";
		};
/* End PBXGroup section */

/* Begin PBXHeadersBuildPhase section */
		5D2945DE27215C45007FC73F /* Headers */ = {
			isa = PBXHeadersBuildPhase;
			buildActionMask = 2147483647;
			files = (
			);
			runOnlyForDeploymentPostprocessing = 0;
		};
/* End PBXHeadersBuildPhase section */

/* Begin PBXNativeTarget section */
		5D2945E227215C45007FC73F /* ios-emarsys-sdk-swift */ = {
			isa = PBXNativeTarget;
			buildConfigurationList = 5D2945F727215C45007FC73F /* Build configuration list for PBXNativeTarget "ios-emarsys-sdk-swift" */;
			buildPhases = (
				53F081EF4F3479E16CBDFF96 /* [CP] Check Pods Manifest.lock */,
				5D2945DE27215C45007FC73F /* Headers */,
				5D2945DF27215C45007FC73F /* Sources */,
				5D2945E027215C45007FC73F /* Frameworks */,
				5D2945E127215C45007FC73F /* Resources */,
			);
			buildRules = (
			);
			dependencies = (
			);
			name = "ios-emarsys-sdk-swift";
			productName = "ios-emarsys-sdk-swift";
			productReference = 5D2945E327215C45007FC73F /* ios_emarsys_sdk_swift.framework */;
			productType = "com.apple.product-type.framework";
		};
		5D2945EC27215C45007FC73F /* ios-emarsys-sdk-swiftTests */ = {
			isa = PBXNativeTarget;
			buildConfigurationList = 5D2945FA27215C45007FC73F /* Build configuration list for PBXNativeTarget "ios-emarsys-sdk-swiftTests" */;
			buildPhases = (
				2920307E34607FC14FDD1F89 /* [CP] Check Pods Manifest.lock */,
				5D2945E927215C45007FC73F /* Sources */,
				5D2945EA27215C45007FC73F /* Frameworks */,
				5D2945EB27215C45007FC73F /* Resources */,
				96EF28BDF25A98066D60E01F /* [CP] Embed Pods Frameworks */,
			);
			buildRules = (
			);
			dependencies = (
				5D2F0DA9273A6C99004D35B0 /* PBXTargetDependency */,
			);
			name = "ios-emarsys-sdk-swiftTests";
			productName = "ios-emarsys-sdk-swiftTests";
			productReference = 5D2945ED27215C45007FC73F /* ios-emarsys-sdk-swiftTests.xctest */;
			productType = "com.apple.product-type.bundle.unit-test";
		};
		5D2F0D99273A6C93004D35B0 /* SDKHostSwift */ = {
			isa = PBXNativeTarget;
			buildConfigurationList = 5D2F0DA7273A6C94004D35B0 /* Build configuration list for PBXNativeTarget "SDKHostSwift" */;
			buildPhases = (
				5D2F0D96273A6C93004D35B0 /* Sources */,
				5D2F0D97273A6C93004D35B0 /* Frameworks */,
				5D2F0D98273A6C93004D35B0 /* Resources */,
			);
			buildRules = (
			);
			dependencies = (
			);
			name = SDKHostSwift;
			productName = SDKHostSwift;
			productReference = 5D2F0D9A273A6C93004D35B0 /* SDKHostSwift.app */;
			productType = "com.apple.product-type.application";
		};
/* End PBXNativeTarget section */

/* Begin PBXProject section */
		5D2945DA27215C45007FC73F /* Project object */ = {
			isa = PBXProject;
			attributes = {
				BuildIndependentTargetsInParallel = 1;
				LastSwiftUpdateCheck = 1310;
				LastUpgradeCheck = 1300;
				ORGANIZATIONNAME = Emarsys;
				TargetAttributes = {
					5D2945E227215C45007FC73F = {
						CreatedOnToolsVersion = 13.0;
					};
					5D2945EC27215C45007FC73F = {
						CreatedOnToolsVersion = 13.0;
						TestTargetID = 5D2F0D99273A6C93004D35B0;
					};
					5D2F0D99273A6C93004D35B0 = {
						CreatedOnToolsVersion = 13.1;
					};
				};
			};
			buildConfigurationList = 5D2945DD27215C45007FC73F /* Build configuration list for PBXProject "ios-emarsys-sdk-swift" */;
			compatibilityVersion = "Xcode 13.0";
			developmentRegion = en;
			hasScannedForEncodings = 0;
			knownRegions = (
				en,
				Base,
			);
			mainGroup = 5D2945D927215C45007FC73F;
			productRefGroup = 5D2945E427215C45007FC73F /* Products */;
			projectDirPath = "";
			projectRoot = "";
			targets = (
				5D2945E227215C45007FC73F /* ios-emarsys-sdk-swift */,
				5D2945EC27215C45007FC73F /* ios-emarsys-sdk-swiftTests */,
				5D2F0D99273A6C93004D35B0 /* SDKHostSwift */,
			);
		};
/* End PBXProject section */

/* Begin PBXResourcesBuildPhase section */
		5D2945E127215C45007FC73F /* Resources */ = {
			isa = PBXResourcesBuildPhase;
			buildActionMask = 2147483647;
			files = (
				2A2585B42727F92100A7E810 /* Podfile in Resources */,
				5D29460027216019007FC73F /* EmarsysSDKSwift.podspec in Resources */,
			);
			runOnlyForDeploymentPostprocessing = 0;
		};
		5D2945EB27215C45007FC73F /* Resources */ = {
			isa = PBXResourcesBuildPhase;
			buildActionMask = 2147483647;
			files = (
			);
			runOnlyForDeploymentPostprocessing = 0;
		};
		5D2F0D98273A6C93004D35B0 /* Resources */ = {
			isa = PBXResourcesBuildPhase;
			buildActionMask = 2147483647;
			files = (
				5D2F0DA4273A6C94004D35B0 /* Preview Assets.xcassets in Resources */,
				5D2F0DA1273A6C94004D35B0 /* Assets.xcassets in Resources */,
			);
			runOnlyForDeploymentPostprocessing = 0;
		};
/* End PBXResourcesBuildPhase section */

/* Begin PBXShellScriptBuildPhase section */
		2920307E34607FC14FDD1F89 /* [CP] Check Pods Manifest.lock */ = {
			isa = PBXShellScriptBuildPhase;
			buildActionMask = 2147483647;
			files = (
			);
			inputFileListPaths = (
			);
			inputPaths = (
				"${PODS_PODFILE_DIR_PATH}/Podfile.lock",
				"${PODS_ROOT}/Manifest.lock",
			);
			name = "[CP] Check Pods Manifest.lock";
			outputFileListPaths = (
			);
			outputPaths = (
				"$(DERIVED_FILE_DIR)/Pods-ios-emarsys-sdk-swiftTests-checkManifestLockResult.txt",
			);
			runOnlyForDeploymentPostprocessing = 0;
			shellPath = /bin/sh;
			shellScript = "diff \"${PODS_PODFILE_DIR_PATH}/Podfile.lock\" \"${PODS_ROOT}/Manifest.lock\" > /dev/null\nif [ $? != 0 ] ; then\n    # print error to STDERR\n    echo \"error: The sandbox is not in sync with the Podfile.lock. Run 'pod install' or update your CocoaPods installation.\" >&2\n    exit 1\nfi\n# This output is used by Xcode 'outputs' to avoid re-running this script phase.\necho \"SUCCESS\" > \"${SCRIPT_OUTPUT_FILE_0}\"\n";
			showEnvVarsInLog = 0;
		};
		53F081EF4F3479E16CBDFF96 /* [CP] Check Pods Manifest.lock */ = {
			isa = PBXShellScriptBuildPhase;
			buildActionMask = 2147483647;
			files = (
			);
			inputFileListPaths = (
			);
			inputPaths = (
				"${PODS_PODFILE_DIR_PATH}/Podfile.lock",
				"${PODS_ROOT}/Manifest.lock",
			);
			name = "[CP] Check Pods Manifest.lock";
			outputFileListPaths = (
			);
			outputPaths = (
				"$(DERIVED_FILE_DIR)/Pods-ios-emarsys-sdk-swift-checkManifestLockResult.txt",
			);
			runOnlyForDeploymentPostprocessing = 0;
			shellPath = /bin/sh;
			shellScript = "diff \"${PODS_PODFILE_DIR_PATH}/Podfile.lock\" \"${PODS_ROOT}/Manifest.lock\" > /dev/null\nif [ $? != 0 ] ; then\n    # print error to STDERR\n    echo \"error: The sandbox is not in sync with the Podfile.lock. Run 'pod install' or update your CocoaPods installation.\" >&2\n    exit 1\nfi\n# This output is used by Xcode 'outputs' to avoid re-running this script phase.\necho \"SUCCESS\" > \"${SCRIPT_OUTPUT_FILE_0}\"\n";
			showEnvVarsInLog = 0;
		};
		96EF28BDF25A98066D60E01F /* [CP] Embed Pods Frameworks */ = {
			isa = PBXShellScriptBuildPhase;
			buildActionMask = 2147483647;
			files = (
			);
			inputFileListPaths = (
				"${PODS_ROOT}/Target Support Files/Pods-ios-emarsys-sdk-swiftTests/Pods-ios-emarsys-sdk-swiftTests-frameworks-${CONFIGURATION}-input-files.xcfilelist",
			);
			name = "[CP] Embed Pods Frameworks";
			outputFileListPaths = (
				"${PODS_ROOT}/Target Support Files/Pods-ios-emarsys-sdk-swiftTests/Pods-ios-emarsys-sdk-swiftTests-frameworks-${CONFIGURATION}-output-files.xcfilelist",
			);
			runOnlyForDeploymentPostprocessing = 0;
			shellPath = /bin/sh;
			shellScript = "\"${PODS_ROOT}/Target Support Files/Pods-ios-emarsys-sdk-swiftTests/Pods-ios-emarsys-sdk-swiftTests-frameworks.sh\"\n";
			showEnvVarsInLog = 0;
		};
/* End PBXShellScriptBuildPhase section */

/* Begin PBXSourcesBuildPhase section */
		5D2945DF27215C45007FC73F /* Sources */ = {
			isa = PBXSourcesBuildPhase;
			buildActionMask = 2147483647;
			files = (
				2AAE102E272840D300064246 /* InboxApi.swift in Sources */,
				2AAE103327284A1900064246 /* PredictApi.swift in Sources */,
				5D2945E827215C45007FC73F /* ios_emarsys_sdk_swift.docc in Sources */,
				2AAE103427284A1E00064246 /* ConfigApi.swift in Sources */,
				2AAE1031272849FF00064246 /* OnEventActionApi.swift in Sources */,
				5D4745EB272982AC007ECAD6 /* LogLevelProtocol.swift in Sources */,
				2AAE1030272849F100064246 /* PushApi.swift in Sources */,
				2AAE103227284A1400064246 /* GeofenceApi.swift in Sources */,
				5D4745EF272988C8007ECAD6 /* NotificationInformation.swift in Sources */,
				2AAE102B272840D300064246 /* FlipperFeature.swift in Sources */,
				5D4745E727297FC5007ECAD6 /* Emarsys.swift in Sources */,
				2AAE102D272840D300064246 /* InAppApi.swift in Sources */,
				5D4745E927298260007ECAD6 /* Config.swift in Sources */,
				FB89BC8514C7A0D48C4D9616 /* InboxMessage.swift in Sources */,
				FB89B5149F16003DAAEAF6AB /* Action.swift in Sources */,
				FB89B37D0B6AF7C46408535B /* Event.swift in Sources */,
				FB89B2DA46EC705E655488DE /* EventPublisher.swift in Sources */,
				FB89B41C3FEB14F8CA4BA51D /* NotificationInformationPublisher.swift in Sources */,
				FB89B5CBD2BE87DF419304B9 /* Geofence.swift in Sources */,
				FB89B3A64A60B8F6B449CD2E /* CartItem.swift in Sources */,
				FB89B5118F847604589471E9 /* RecommendationFilter.swift in Sources */,
				FB89B742122B85D552F3CD02 /* Product.swift in Sources */,
				FB8AACB08D111DD99BB31994 /* Logic.swift in Sources */,
				FB8AACC7C5E4E4733427A1B3 /* LogicType.swift in Sources */,
				FB8AA060E030258E80955F44 /* PredictCartItem.swift in Sources */,
				FB8AA0C138F990876F5C33B0 /* ComparisonType.swift in Sources */,
				FB8AAA94F8ED81AB7239DBEB /* Trigger.swift in Sources */,
				FB8AA47C67596EF912BC6952 /* TriggerType.swift in Sources */,
			);
			runOnlyForDeploymentPostprocessing = 0;
		};
		5D2945E927215C45007FC73F /* Sources */ = {
			isa = PBXSourcesBuildPhase;
			buildActionMask = 2147483647;
			files = (
				0DC5752327356DAA00825A7C /* LogicTests.swift in Sources */,
				5D2945F327215C45007FC73F /* ios_emarsys_sdk_swiftTests.swift in Sources */,
				FB8AA1731ED61F678772D0BB /* RecommendationFilterTests.swift in Sources */,
			);
			runOnlyForDeploymentPostprocessing = 0;
		};
		5D2F0D96273A6C93004D35B0 /* Sources */ = {
			isa = PBXSourcesBuildPhase;
			buildActionMask = 2147483647;
			files = (
				5D2F0D9F273A6C93004D35B0 /* ContentView.swift in Sources */,
				5D2F0D9D273A6C93004D35B0 /* SDKHostSwiftApp.swift in Sources */,
			);
			runOnlyForDeploymentPostprocessing = 0;
		};
/* End PBXSourcesBuildPhase section */

/* Begin PBXTargetDependency section */
		5D2F0DA9273A6C99004D35B0 /* PBXTargetDependency */ = {
			isa = PBXTargetDependency;
			target = 5D2F0D99273A6C93004D35B0 /* SDKHostSwift */;
			targetProxy = 5D2F0DA8273A6C99004D35B0 /* PBXContainerItemProxy */;
		};
/* End PBXTargetDependency section */

/* Begin XCBuildConfiguration section */
		5D2945F527215C45007FC73F /* Debug */ = {
			isa = XCBuildConfiguration;
			buildSettings = {
				ALWAYS_SEARCH_USER_PATHS = NO;
				CLANG_ANALYZER_NONNULL = YES;
				CLANG_ANALYZER_NUMBER_OBJECT_CONVERSION = YES_AGGRESSIVE;
				CLANG_CXX_LANGUAGE_STANDARD = "gnu++17";
				CLANG_CXX_LIBRARY = "libc++";
				CLANG_ENABLE_MODULES = YES;
				CLANG_ENABLE_OBJC_ARC = YES;
				CLANG_ENABLE_OBJC_WEAK = YES;
				CLANG_WARN_BLOCK_CAPTURE_AUTORELEASING = YES;
				CLANG_WARN_BOOL_CONVERSION = YES;
				CLANG_WARN_COMMA = YES;
				CLANG_WARN_CONSTANT_CONVERSION = YES;
				CLANG_WARN_DEPRECATED_OBJC_IMPLEMENTATIONS = YES;
				CLANG_WARN_DIRECT_OBJC_ISA_USAGE = YES_ERROR;
				CLANG_WARN_DOCUMENTATION_COMMENTS = YES;
				CLANG_WARN_EMPTY_BODY = YES;
				CLANG_WARN_ENUM_CONVERSION = YES;
				CLANG_WARN_INFINITE_RECURSION = YES;
				CLANG_WARN_INT_CONVERSION = YES;
				CLANG_WARN_NON_LITERAL_NULL_CONVERSION = YES;
				CLANG_WARN_OBJC_IMPLICIT_RETAIN_SELF = YES;
				CLANG_WARN_OBJC_LITERAL_CONVERSION = YES;
				CLANG_WARN_OBJC_ROOT_CLASS = YES_ERROR;
				CLANG_WARN_QUOTED_INCLUDE_IN_FRAMEWORK_HEADER = YES;
				CLANG_WARN_RANGE_LOOP_ANALYSIS = YES;
				CLANG_WARN_STRICT_PROTOTYPES = YES;
				CLANG_WARN_SUSPICIOUS_MOVE = YES;
				CLANG_WARN_UNGUARDED_AVAILABILITY = YES_AGGRESSIVE;
				CLANG_WARN_UNREACHABLE_CODE = YES;
				CLANG_WARN__DUPLICATE_METHOD_MATCH = YES;
				COPY_PHASE_STRIP = NO;
				CURRENT_PROJECT_VERSION = 1;
				DEBUG_INFORMATION_FORMAT = dwarf;
				ENABLE_STRICT_OBJC_MSGSEND = YES;
				ENABLE_TESTABILITY = YES;
				GCC_C_LANGUAGE_STANDARD = gnu11;
				GCC_DYNAMIC_NO_PIC = NO;
				GCC_NO_COMMON_BLOCKS = YES;
				GCC_OPTIMIZATION_LEVEL = 0;
				GCC_PREPROCESSOR_DEFINITIONS = (
					"DEBUG=1",
					"$(inherited)",
				);
				GCC_WARN_64_TO_32_BIT_CONVERSION = YES;
				GCC_WARN_ABOUT_RETURN_TYPE = YES_ERROR;
				GCC_WARN_UNDECLARED_SELECTOR = YES;
				GCC_WARN_UNINITIALIZED_AUTOS = YES_AGGRESSIVE;
				GCC_WARN_UNUSED_FUNCTION = YES;
				GCC_WARN_UNUSED_VARIABLE = YES;
				IPHONEOS_DEPLOYMENT_TARGET = 15.0;
				MTL_ENABLE_DEBUG_INFO = INCLUDE_SOURCE;
				MTL_FAST_MATH = YES;
				ONLY_ACTIVE_ARCH = YES;
				SDKROOT = iphoneos;
				SWIFT_ACTIVE_COMPILATION_CONDITIONS = DEBUG;
				SWIFT_OPTIMIZATION_LEVEL = "-Onone";
				VERSIONING_SYSTEM = "apple-generic";
				VERSION_INFO_PREFIX = "";
			};
			name = Debug;
		};
		5D2945F627215C45007FC73F /* Release */ = {
			isa = XCBuildConfiguration;
			buildSettings = {
				ALWAYS_SEARCH_USER_PATHS = NO;
				CLANG_ANALYZER_NONNULL = YES;
				CLANG_ANALYZER_NUMBER_OBJECT_CONVERSION = YES_AGGRESSIVE;
				CLANG_CXX_LANGUAGE_STANDARD = "gnu++17";
				CLANG_CXX_LIBRARY = "libc++";
				CLANG_ENABLE_MODULES = YES;
				CLANG_ENABLE_OBJC_ARC = YES;
				CLANG_ENABLE_OBJC_WEAK = YES;
				CLANG_WARN_BLOCK_CAPTURE_AUTORELEASING = YES;
				CLANG_WARN_BOOL_CONVERSION = YES;
				CLANG_WARN_COMMA = YES;
				CLANG_WARN_CONSTANT_CONVERSION = YES;
				CLANG_WARN_DEPRECATED_OBJC_IMPLEMENTATIONS = YES;
				CLANG_WARN_DIRECT_OBJC_ISA_USAGE = YES_ERROR;
				CLANG_WARN_DOCUMENTATION_COMMENTS = YES;
				CLANG_WARN_EMPTY_BODY = YES;
				CLANG_WARN_ENUM_CONVERSION = YES;
				CLANG_WARN_INFINITE_RECURSION = YES;
				CLANG_WARN_INT_CONVERSION = YES;
				CLANG_WARN_NON_LITERAL_NULL_CONVERSION = YES;
				CLANG_WARN_OBJC_IMPLICIT_RETAIN_SELF = YES;
				CLANG_WARN_OBJC_LITERAL_CONVERSION = YES;
				CLANG_WARN_OBJC_ROOT_CLASS = YES_ERROR;
				CLANG_WARN_QUOTED_INCLUDE_IN_FRAMEWORK_HEADER = YES;
				CLANG_WARN_RANGE_LOOP_ANALYSIS = YES;
				CLANG_WARN_STRICT_PROTOTYPES = YES;
				CLANG_WARN_SUSPICIOUS_MOVE = YES;
				CLANG_WARN_UNGUARDED_AVAILABILITY = YES_AGGRESSIVE;
				CLANG_WARN_UNREACHABLE_CODE = YES;
				CLANG_WARN__DUPLICATE_METHOD_MATCH = YES;
				COPY_PHASE_STRIP = NO;
				CURRENT_PROJECT_VERSION = 1;
				DEBUG_INFORMATION_FORMAT = "dwarf-with-dsym";
				ENABLE_NS_ASSERTIONS = NO;
				ENABLE_STRICT_OBJC_MSGSEND = YES;
				GCC_C_LANGUAGE_STANDARD = gnu11;
				GCC_NO_COMMON_BLOCKS = YES;
				GCC_WARN_64_TO_32_BIT_CONVERSION = YES;
				GCC_WARN_ABOUT_RETURN_TYPE = YES_ERROR;
				GCC_WARN_UNDECLARED_SELECTOR = YES;
				GCC_WARN_UNINITIALIZED_AUTOS = YES_AGGRESSIVE;
				GCC_WARN_UNUSED_FUNCTION = YES;
				GCC_WARN_UNUSED_VARIABLE = YES;
				IPHONEOS_DEPLOYMENT_TARGET = 15.0;
				MTL_ENABLE_DEBUG_INFO = NO;
				MTL_FAST_MATH = YES;
				SDKROOT = iphoneos;
				SWIFT_COMPILATION_MODE = wholemodule;
				SWIFT_OPTIMIZATION_LEVEL = "-O";
				VALIDATE_PRODUCT = YES;
				VERSIONING_SYSTEM = "apple-generic";
				VERSION_INFO_PREFIX = "";
			};
			name = Release;
		};
		5D2945F827215C45007FC73F /* Debug */ = {
			isa = XCBuildConfiguration;
			baseConfigurationReference = D1197800FCCF30F163F5B064 /* Pods-ios-emarsys-sdk-swift.debug.xcconfig */;
			buildSettings = {
				CODE_SIGN_STYLE = Automatic;
				CURRENT_PROJECT_VERSION = 1;
				DEFINES_MODULE = YES;
				DEVELOPMENT_TEAM = 7ZFXXDJH82;
				DYLIB_COMPATIBILITY_VERSION = 1;
				DYLIB_CURRENT_VERSION = 1;
				DYLIB_INSTALL_NAME_BASE = "@rpath";
				GENERATE_INFOPLIST_FILE = YES;
				INFOPLIST_KEY_NSHumanReadableCopyright = "";
				INSTALL_PATH = "$(LOCAL_LIBRARY_DIR)/Frameworks";
				LD_RUNPATH_SEARCH_PATHS = (
					"$(inherited)",
					"@executable_path/Frameworks",
					"@loader_path/Frameworks",
				);
				MARKETING_VERSION = 1.0;
				PRODUCT_BUNDLE_IDENTIFIER = "com.emarsys.ios-emarsys-sdk-swift";
				PRODUCT_NAME = "$(TARGET_NAME:c99extidentifier)";
				SKIP_INSTALL = YES;
				SUPPORTS_MACCATALYST = NO;
				SWIFT_EMIT_LOC_STRINGS = YES;
				SWIFT_VERSION = 5.0;
				TARGETED_DEVICE_FAMILY = 1;
			};
			name = Debug;
		};
		5D2945F927215C45007FC73F /* Release */ = {
			isa = XCBuildConfiguration;
			baseConfigurationReference = 99803ECFF29ADF6DF6A4B229 /* Pods-ios-emarsys-sdk-swift.release.xcconfig */;
			buildSettings = {
				CODE_SIGN_STYLE = Automatic;
				CURRENT_PROJECT_VERSION = 1;
				DEFINES_MODULE = YES;
				DEVELOPMENT_TEAM = 7ZFXXDJH82;
				DYLIB_COMPATIBILITY_VERSION = 1;
				DYLIB_CURRENT_VERSION = 1;
				DYLIB_INSTALL_NAME_BASE = "@rpath";
				GENERATE_INFOPLIST_FILE = YES;
				INFOPLIST_KEY_NSHumanReadableCopyright = "";
				INSTALL_PATH = "$(LOCAL_LIBRARY_DIR)/Frameworks";
				LD_RUNPATH_SEARCH_PATHS = (
					"$(inherited)",
					"@executable_path/Frameworks",
					"@loader_path/Frameworks",
				);
				MARKETING_VERSION = 1.0;
				PRODUCT_BUNDLE_IDENTIFIER = "com.emarsys.ios-emarsys-sdk-swift";
				PRODUCT_NAME = "$(TARGET_NAME:c99extidentifier)";
				SKIP_INSTALL = YES;
				SUPPORTS_MACCATALYST = NO;
				SWIFT_EMIT_LOC_STRINGS = YES;
				SWIFT_VERSION = 5.0;
				TARGETED_DEVICE_FAMILY = 1;
			};
			name = Release;
		};
		5D2945FB27215C45007FC73F /* Debug */ = {
			isa = XCBuildConfiguration;
			baseConfigurationReference = 54FE24EBB4400FCC4835EBC8 /* Pods-ios-emarsys-sdk-swiftTests.debug.xcconfig */;
			buildSettings = {
				ALWAYS_EMBED_SWIFT_STANDARD_LIBRARIES = YES;
				CODE_SIGN_STYLE = Automatic;
				CURRENT_PROJECT_VERSION = 1;
				DEVELOPMENT_TEAM = 7ZFXXDJH82;
				GENERATE_INFOPLIST_FILE = YES;
				LD_RUNPATH_SEARCH_PATHS = (
					"$(inherited)",
					"@executable_path/Frameworks",
					"@loader_path/Frameworks",
				);
				MARKETING_VERSION = 1.0;
				PRODUCT_BUNDLE_IDENTIFIER = "com.emarsys.ios-emarsys-sdk-swiftTests";
				PRODUCT_NAME = "$(TARGET_NAME)";
				SWIFT_EMIT_LOC_STRINGS = NO;
				SWIFT_VERSION = 5.0;
				TARGETED_DEVICE_FAMILY = "1,2";
				TEST_HOST = "$(BUILT_PRODUCTS_DIR)/SDKHostSwift.app/SDKHostSwift";
			};
			name = Debug;
		};
		5D2945FC27215C45007FC73F /* Release */ = {
			isa = XCBuildConfiguration;
			baseConfigurationReference = 71B212D3ECBAC078DF13E751 /* Pods-ios-emarsys-sdk-swiftTests.release.xcconfig */;
			buildSettings = {
				ALWAYS_EMBED_SWIFT_STANDARD_LIBRARIES = YES;
				CODE_SIGN_STYLE = Automatic;
				CURRENT_PROJECT_VERSION = 1;
				DEVELOPMENT_TEAM = 7ZFXXDJH82;
				GENERATE_INFOPLIST_FILE = YES;
				LD_RUNPATH_SEARCH_PATHS = (
					"$(inherited)",
					"@executable_path/Frameworks",
					"@loader_path/Frameworks",
				);
				MARKETING_VERSION = 1.0;
				PRODUCT_BUNDLE_IDENTIFIER = "com.emarsys.ios-emarsys-sdk-swiftTests";
				PRODUCT_NAME = "$(TARGET_NAME)";
				SWIFT_EMIT_LOC_STRINGS = NO;
				SWIFT_VERSION = 5.0;
				TARGETED_DEVICE_FAMILY = "1,2";
				TEST_HOST = "$(BUILT_PRODUCTS_DIR)/SDKHostSwift.app/SDKHostSwift";
			};
			name = Release;
		};
		5D2F0DA5273A6C94004D35B0 /* Debug */ = {
			isa = XCBuildConfiguration;
			buildSettings = {
				ASSETCATALOG_COMPILER_APPICON_NAME = AppIcon;
				ASSETCATALOG_COMPILER_GLOBAL_ACCENT_COLOR_NAME = AccentColor;
				CODE_SIGN_STYLE = Automatic;
				CURRENT_PROJECT_VERSION = 1;
				DEVELOPMENT_ASSET_PATHS = "\"SDKHostSwift/Preview Content\"";
				DEVELOPMENT_TEAM = 7ZFXXDJH82;
				ENABLE_PREVIEWS = YES;
				GENERATE_INFOPLIST_FILE = YES;
				INFOPLIST_KEY_UIApplicationSceneManifest_Generation = YES;
				INFOPLIST_KEY_UIApplicationSupportsIndirectInputEvents = YES;
				INFOPLIST_KEY_UILaunchScreen_Generation = YES;
				INFOPLIST_KEY_UISupportedInterfaceOrientations_iPad = "UIInterfaceOrientationPortrait UIInterfaceOrientationPortraitUpsideDown UIInterfaceOrientationLandscapeLeft UIInterfaceOrientationLandscapeRight";
				INFOPLIST_KEY_UISupportedInterfaceOrientations_iPhone = "UIInterfaceOrientationPortrait UIInterfaceOrientationLandscapeLeft UIInterfaceOrientationLandscapeRight";
				LD_RUNPATH_SEARCH_PATHS = (
					"$(inherited)",
					"@executable_path/Frameworks",
				);
				MARKETING_VERSION = 1.0;
				PRODUCT_BUNDLE_IDENTIFIER = com.emarsys.SDKHostSwift;
				PRODUCT_NAME = "$(TARGET_NAME)";
				SWIFT_EMIT_LOC_STRINGS = YES;
				SWIFT_VERSION = 5.0;
				TARGETED_DEVICE_FAMILY = "1,2";
			};
			name = Debug;
		};
		5D2F0DA6273A6C94004D35B0 /* Release */ = {
			isa = XCBuildConfiguration;
			buildSettings = {
				ASSETCATALOG_COMPILER_APPICON_NAME = AppIcon;
				ASSETCATALOG_COMPILER_GLOBAL_ACCENT_COLOR_NAME = AccentColor;
				CODE_SIGN_STYLE = Automatic;
				CURRENT_PROJECT_VERSION = 1;
				DEVELOPMENT_ASSET_PATHS = "\"SDKHostSwift/Preview Content\"";
				DEVELOPMENT_TEAM = 7ZFXXDJH82;
				ENABLE_PREVIEWS = YES;
				GENERATE_INFOPLIST_FILE = YES;
				INFOPLIST_KEY_UIApplicationSceneManifest_Generation = YES;
				INFOPLIST_KEY_UIApplicationSupportsIndirectInputEvents = YES;
				INFOPLIST_KEY_UILaunchScreen_Generation = YES;
				INFOPLIST_KEY_UISupportedInterfaceOrientations_iPad = "UIInterfaceOrientationPortrait UIInterfaceOrientationPortraitUpsideDown UIInterfaceOrientationLandscapeLeft UIInterfaceOrientationLandscapeRight";
				INFOPLIST_KEY_UISupportedInterfaceOrientations_iPhone = "UIInterfaceOrientationPortrait UIInterfaceOrientationLandscapeLeft UIInterfaceOrientationLandscapeRight";
				LD_RUNPATH_SEARCH_PATHS = (
					"$(inherited)",
					"@executable_path/Frameworks",
				);
				MARKETING_VERSION = 1.0;
				PRODUCT_BUNDLE_IDENTIFIER = com.emarsys.SDKHostSwift;
				PRODUCT_NAME = "$(TARGET_NAME)";
				SWIFT_EMIT_LOC_STRINGS = YES;
				SWIFT_VERSION = 5.0;
				TARGETED_DEVICE_FAMILY = "1,2";
			};
			name = Release;
		};
/* End XCBuildConfiguration section */

/* Begin XCConfigurationList section */
		5D2945DD27215C45007FC73F /* Build configuration list for PBXProject "ios-emarsys-sdk-swift" */ = {
			isa = XCConfigurationList;
			buildConfigurations = (
				5D2945F527215C45007FC73F /* Debug */,
				5D2945F627215C45007FC73F /* Release */,
			);
			defaultConfigurationIsVisible = 0;
			defaultConfigurationName = Release;
		};
		5D2945F727215C45007FC73F /* Build configuration list for PBXNativeTarget "ios-emarsys-sdk-swift" */ = {
			isa = XCConfigurationList;
			buildConfigurations = (
				5D2945F827215C45007FC73F /* Debug */,
				5D2945F927215C45007FC73F /* Release */,
			);
			defaultConfigurationIsVisible = 0;
			defaultConfigurationName = Release;
		};
		5D2945FA27215C45007FC73F /* Build configuration list for PBXNativeTarget "ios-emarsys-sdk-swiftTests" */ = {
			isa = XCConfigurationList;
			buildConfigurations = (
				5D2945FB27215C45007FC73F /* Debug */,
				5D2945FC27215C45007FC73F /* Release */,
			);
			defaultConfigurationIsVisible = 0;
			defaultConfigurationName = Release;
		};
		5D2F0DA7273A6C94004D35B0 /* Build configuration list for PBXNativeTarget "SDKHostSwift" */ = {
			isa = XCConfigurationList;
			buildConfigurations = (
				5D2F0DA5273A6C94004D35B0 /* Debug */,
				5D2F0DA6273A6C94004D35B0 /* Release */,
			);
			defaultConfigurationIsVisible = 0;
			defaultConfigurationName = Release;
		};
/* End XCConfigurationList section */
	};
	rootObject = 5D2945DA27215C45007FC73F /* Project object */;
}
