// !$*UTF8*$!
{
	archiveVersion = 1;
	classes = {
	};
	objectVersion = 55;
	objects = {

/* Begin PBXBuildFile section */
		0DC5752327356DAA00825A7C /* LogicTests.swift in Sources */ = {isa = PBXBuildFile; fileRef = FB8AA036B512C36FF0DCC8F2 /* LogicTests.swift */; };
		1DD5A0DADD9ECF759D923E34 /* Pods_ios_emarsys_sdk_swiftTests.framework in Frameworks */ = {isa = PBXBuildFile; fileRef = C5ACA8F2C1ED1C570FE5B85D /* Pods_ios_emarsys_sdk_swiftTests.framework */; };
		2A1BE93D27479E9400FFB79A /* ServiceUrls.swift in Sources */ = {isa = PBXBuildFile; fileRef = FB8A3557B764D7172A243E3A /* ServiceUrls.swift */; };
		2A2585B42727F92100A7E810 /* Podfile in Resources */ = {isa = PBXBuildFile; fileRef = 2A2585B32727F92100A7E810 /* Podfile */; };
		2A309151275E5327009AB798 /* FakeDeepLinkApi.swift in Sources */ = {isa = PBXBuildFile; fileRef = 2A309150275E5327009AB798 /* FakeDeepLinkApi.swift */; };
		2A4748B42757893D005E4F9B /* EmarsysTests.swift in Sources */ = {isa = PBXBuildFile; fileRef = 2A4748B32757893D005E4F9B /* EmarsysTests.swift */; };
		2A4C94CF273AB4170016985C /* ConfigInternal.swift in Sources */ = {isa = PBXBuildFile; fileRef = 2A4C94CE273AB4170016985C /* ConfigInternal.swift */; };
		2A4C94D2273AB47A0016985C /* InAppInternal.swift in Sources */ = {isa = PBXBuildFile; fileRef = 2A4C94D0273AB47A0016985C /* InAppInternal.swift */; };
		2A4C94D3273AB47A0016985C /* InAppLogger.swift in Sources */ = {isa = PBXBuildFile; fileRef = 2A4C94D1273AB47A0016985C /* InAppLogger.swift */; };
		2A4C94D6273AB4B50016985C /* GeofenceInternal.swift in Sources */ = {isa = PBXBuildFile; fileRef = 2A4C94D4273AB4B50016985C /* GeofenceInternal.swift */; };
		2A4C94D7273AB4B50016985C /* GeofenceLogger.swift in Sources */ = {isa = PBXBuildFile; fileRef = 2A4C94D5273AB4B50016985C /* GeofenceLogger.swift */; };
		2A4C94D9273AB4FB0016985C /* PushInternal.swift in Sources */ = {isa = PBXBuildFile; fileRef = 2A4C94D8273AB4FB0016985C /* PushInternal.swift */; };
		2A767F1A27576E1300CEFE75 /* SdkActor.swift in Sources */ = {isa = PBXBuildFile; fileRef = 2A767F1927576E1300CEFE75 /* SdkActor.swift */; };
		2A7E1D78273BF8D00003F33E /* InboxInternal.swift in Sources */ = {isa = PBXBuildFile; fileRef = 2A7E1D73273BF8D00003F33E /* InboxInternal.swift */; };
		2A7E1D79273BF8D00003F33E /* InboxApi.swift in Sources */ = {isa = PBXBuildFile; fileRef = 2A7E1D74273BF8D00003F33E /* InboxApi.swift */; };
		2A7E1D7A273BF8D00003F33E /* InboxMessage.swift in Sources */ = {isa = PBXBuildFile; fileRef = 2A7E1D75273BF8D00003F33E /* InboxMessage.swift */; };
		2A7E1D7C273BF8D00003F33E /* InboxLogger.swift in Sources */ = {isa = PBXBuildFile; fileRef = 2A7E1D77273BF8D00003F33E /* InboxLogger.swift */; };
		2A7E1D87273D610B0003F33E /* EmarsysDependency.swift in Sources */ = {isa = PBXBuildFile; fileRef = 2A7E1D86273D610B0003F33E /* EmarsysDependency.swift */; };
		2AAE102B272840D300064246 /* FlipperFeature.swift in Sources */ = {isa = PBXBuildFile; fileRef = 2AAE1017272840D200064246 /* FlipperFeature.swift */; };
		2AAE102D272840D300064246 /* InAppApi.swift in Sources */ = {isa = PBXBuildFile; fileRef = 2AAE1013272840D200064246 /* InAppApi.swift */; };
		2AAE1030272849F100064246 /* PushApi.swift in Sources */ = {isa = PBXBuildFile; fileRef = 2AAE1021272840D300064246 /* PushApi.swift */; };
		2AAE1031272849FF00064246 /* OnEventActionApi.swift in Sources */ = {isa = PBXBuildFile; fileRef = 2AAE1016272840D200064246 /* OnEventActionApi.swift */; };
		2AAE103227284A1400064246 /* GeofenceApi.swift in Sources */ = {isa = PBXBuildFile; fileRef = 2AAE1019272840D200064246 /* GeofenceApi.swift */; };
		2AAE103327284A1900064246 /* PredictApi.swift in Sources */ = {isa = PBXBuildFile; fileRef = 2AAE101B272840D200064246 /* PredictApi.swift */; };
		2AAE103427284A1E00064246 /* ConfigApi.swift in Sources */ = {isa = PBXBuildFile; fileRef = 2AAE101D272840D300064246 /* ConfigApi.swift */; };
		2ABAA4BD2758D36900851BB2 /* FakeDependencyContainer.swift in Sources */ = {isa = PBXBuildFile; fileRef = 2ABAA4BC2758D36900851BB2 /* FakeDependencyContainer.swift */; };
		2ABAA4BF2758F77C00851BB2 /* Fakable.swift in Sources */ = {isa = PBXBuildFile; fileRef = 2ABAA4BE2758F77C00851BB2 /* Fakable.swift */; };
		2ABAA4C12758FFC600851BB2 /* FakeMobileEngageApi.swift in Sources */ = {isa = PBXBuildFile; fileRef = 2ABAA4C02758FFC600851BB2 /* FakeMobileEngageApi.swift */; };
		2ABAA4C32759141C00851BB2 /* FakePredictApi.swift in Sources */ = {isa = PBXBuildFile; fileRef = 2ABAA4C22759141C00851BB2 /* FakePredictApi.swift */; };
		2ABAA4C5275915FF00851BB2 /* ExposedPredict.swift in Sources */ = {isa = PBXBuildFile; fileRef = 2ABAA4C4275915FF00851BB2 /* ExposedPredict.swift */; };
		2ACFC458275675C4007DA5FE /* EmarsysError.swift in Sources */ = {isa = PBXBuildFile; fileRef = 2ACFC457275675C4007DA5FE /* EmarsysError.swift */; };
		2ACFC45B27567635007DA5FE /* TestExtensions.swift in Sources */ = {isa = PBXBuildFile; fileRef = 2ACFC45A27567635007DA5FE /* TestExtensions.swift */; };
		5714DB602743A73A006290BC /* PushInternalTests.swift in Sources */ = {isa = PBXBuildFile; fileRef = 5714DB5F2743A73A006290BC /* PushInternalTests.swift */; };
		5714DB622743A81E006290BC /* FakeEMSPush.swift in Sources */ = {isa = PBXBuildFile; fileRef = 5714DB612743A81E006290BC /* FakeEMSPush.swift */; };
		5714DB662743B6BE006290BC /* FakeEMSInApp.swift in Sources */ = {isa = PBXBuildFile; fileRef = 5714DB652743B6BE006290BC /* FakeEMSInApp.swift */; };
		5714DB692743B6ED006290BC /* InAppInternalTests.swift in Sources */ = {isa = PBXBuildFile; fileRef = 5714DB682743B6ED006290BC /* InAppInternalTests.swift */; };
		5714DB6C2743BC95006290BC /* ConfigInternalTests.swift in Sources */ = {isa = PBXBuildFile; fileRef = 5714DB6B2743BC95006290BC /* ConfigInternalTests.swift */; };
		5714DB6F2743BCBC006290BC /* FakeEMSConfig.swift in Sources */ = {isa = PBXBuildFile; fileRef = 5714DB6E2743BCBB006290BC /* FakeEMSConfig.swift */; };
		5714DB722743E273006290BC /* GeofenceInternalTests.swift in Sources */ = {isa = PBXBuildFile; fileRef = 5714DB712743E273006290BC /* GeofenceInternalTests.swift */; };
		5714DB752743E2AA006290BC /* FakeEMSGeofence.swift in Sources */ = {isa = PBXBuildFile; fileRef = 5714DB742743E2AA006290BC /* FakeEMSGeofence.swift */; };
		577715902756270C0005F800 /* OnEventActionTests.swift in Sources */ = {isa = PBXBuildFile; fileRef = 5777158F2756270C0005F800 /* OnEventActionTests.swift */; };
		57771593275627A30005F800 /* FakeEMSOnEventAction.swift in Sources */ = {isa = PBXBuildFile; fileRef = 57771592275627A30005F800 /* FakeEMSOnEventAction.swift */; };
		5777159527562FC80005F800 /* FakeNotificationCenterDelegate.swift in Sources */ = {isa = PBXBuildFile; fileRef = 5777159427562FC80005F800 /* FakeNotificationCenterDelegate.swift */; };
		57C2DE52273D62ED00302EB1 /* FakeEMSInbox.swift in Sources */ = {isa = PBXBuildFile; fileRef = 57C2DE51273D62ED00302EB1 /* FakeEMSInbox.swift */; };
		57C2DE56273D63BB00302EB1 /* InboxInternalTests.swift in Sources */ = {isa = PBXBuildFile; fileRef = 57C2DE55273D63BB00302EB1 /* InboxInternalTests.swift */; };
		57F5B7DF27450ECC002BA84C /* PredictInternalTests.swift in Sources */ = {isa = PBXBuildFile; fileRef = 57F5B7DE27450ECC002BA84C /* PredictInternalTests.swift */; };
		57F5B7E227450F21002BA84C /* FakeEMSPredict.swift in Sources */ = {isa = PBXBuildFile; fileRef = 57F5B7E127450F21002BA84C /* FakeEMSPredict.swift */; };
		57F5B7E427452C6D002BA84C /* FakeEMSProduct.swift in Sources */ = {isa = PBXBuildFile; fileRef = 57F5B7E327452C6D002BA84C /* FakeEMSProduct.swift */; };
		57F5B7E627464642002BA84C /* FakeInboxResult.swift in Sources */ = {isa = PBXBuildFile; fileRef = 57F5B7E527464642002BA84C /* FakeInboxResult.swift */; };
		57F5B7E8274646D4002BA84C /* CallHandler.swift in Sources */ = {isa = PBXBuildFile; fileRef = 57F5B7E7274646D4002BA84C /* CallHandler.swift */; };
		57F5B7EB27467484002BA84C /* MobileEngageApi.swift in Sources */ = {isa = PBXBuildFile; fileRef = 57F5B7EA27467484002BA84C /* MobileEngageApi.swift */; };
		57F5B7ED274674A6002BA84C /* MobileEngageInternal.swift in Sources */ = {isa = PBXBuildFile; fileRef = 57F5B7EC274674A6002BA84C /* MobileEngageInternal.swift */; };
		57F5B7EF274674BE002BA84C /* MobileEngageLogger.swift in Sources */ = {isa = PBXBuildFile; fileRef = 57F5B7EE274674BE002BA84C /* MobileEngageLogger.swift */; };
		57F5B7F227467771002BA84C /* MobileEngageInternalTests.swift in Sources */ = {isa = PBXBuildFile; fileRef = 57F5B7F127467771002BA84C /* MobileEngageInternalTests.swift */; };
		57F5B7F5274677A2002BA84C /* FakeEMSMobileEngage.swift in Sources */ = {isa = PBXBuildFile; fileRef = 57F5B7F4274677A2002BA84C /* FakeEMSMobileEngage.swift */; };
		57F5B7F827468CAE002BA84C /* DeepLinkApi.swift in Sources */ = {isa = PBXBuildFile; fileRef = 57F5B7F727468CAE002BA84C /* DeepLinkApi.swift */; };
		57F5B7FA27468CC4002BA84C /* DeepLinkInternal.swift in Sources */ = {isa = PBXBuildFile; fileRef = 57F5B7F927468CC4002BA84C /* DeepLinkInternal.swift */; };
		57F5B7FC27468CD6002BA84C /* DeepLinkLogger.swift in Sources */ = {isa = PBXBuildFile; fileRef = 57F5B7FB27468CD6002BA84C /* DeepLinkLogger.swift */; };
		57F5B7FF27469656002BA84C /* DeepLinkInternalTests.swift in Sources */ = {isa = PBXBuildFile; fileRef = 57F5B7FE27469656002BA84C /* DeepLinkInternalTests.swift */; };
		57F5B80227469681002BA84C /* FakeEMSDeepLink.swift in Sources */ = {isa = PBXBuildFile; fileRef = 57F5B80127469681002BA84C /* FakeEMSDeepLink.swift */; };
		5D2945E827215C45007FC73F /* ios_emarsys_sdk_swift.docc in Sources */ = {isa = PBXBuildFile; fileRef = 5D2945E727215C45007FC73F /* ios_emarsys_sdk_swift.docc */; };
		5D2945EE27215C45007FC73F /* ios_emarsys_sdk_swift.framework in Frameworks */ = {isa = PBXBuildFile; fileRef = 5D2945E327215C45007FC73F /* ios_emarsys_sdk_swift.framework */; };
		5D2945F327215C45007FC73F /* ios_emarsys_sdk_swiftTests.swift in Sources */ = {isa = PBXBuildFile; fileRef = 5D2945F227215C45007FC73F /* ios_emarsys_sdk_swiftTests.swift */; };
		5D29460027216019007FC73F /* EmarsysSDKSwift.podspec in Resources */ = {isa = PBXBuildFile; fileRef = 5D2945FF27216019007FC73F /* EmarsysSDKSwift.podspec */; };
		5D2F0D9D273A6C93004D35B0 /* SDKHostSwiftApp.swift in Sources */ = {isa = PBXBuildFile; fileRef = 5D2F0D9C273A6C93004D35B0 /* SDKHostSwiftApp.swift */; };
		5D2F0D9F273A6C93004D35B0 /* ContentView.swift in Sources */ = {isa = PBXBuildFile; fileRef = 5D2F0D9E273A6C93004D35B0 /* ContentView.swift */; };
		5D2F0DA1273A6C94004D35B0 /* Assets.xcassets in Resources */ = {isa = PBXBuildFile; fileRef = 5D2F0DA0273A6C94004D35B0 /* Assets.xcassets */; };
		5D2F0DA4273A6C94004D35B0 /* Preview Assets.xcassets in Resources */ = {isa = PBXBuildFile; fileRef = 5D2F0DA3273A6C94004D35B0 /* Preview Assets.xcassets */; };
		5D4745E727297FC5007ECAD6 /* SwiftEmarsys.swift in Sources */ = {isa = PBXBuildFile; fileRef = 5D4745E627297FC5007ECAD6 /* SwiftEmarsys.swift */; };
		5D4745E927298260007ECAD6 /* Config.swift in Sources */ = {isa = PBXBuildFile; fileRef = 5D4745E827298260007ECAD6 /* Config.swift */; };
		5D4745EB272982AC007ECAD6 /* LogLevelProtocol.swift in Sources */ = {isa = PBXBuildFile; fileRef = 5D4745EA272982AC007ECAD6 /* LogLevelProtocol.swift */; };
		5D4745EF272988C8007ECAD6 /* NotificationInformation.swift in Sources */ = {isa = PBXBuildFile; fileRef = 5D4745EE272988C8007ECAD6 /* NotificationInformation.swift */; };
		E358A1444788E94E5014A3E8 /* Pods_ios_emarsys_sdk_swift.framework in Frameworks */ = {isa = PBXBuildFile; fileRef = A7E2EE1EAA513826F3B1873A /* Pods_ios_emarsys_sdk_swift.framework */; };
		FB89B2DA46EC705E655488DE /* EventPublisher.swift in Sources */ = {isa = PBXBuildFile; fileRef = FB89B79DE5A24FDFC6F7A067 /* EventPublisher.swift */; };
		FB89B37D0B6AF7C46408535B /* Event.swift in Sources */ = {isa = PBXBuildFile; fileRef = FB89BA9EFB9A14EA8170D85A /* Event.swift */; };
		FB89B3A64A60B8F6B449CD2E /* CartItem.swift in Sources */ = {isa = PBXBuildFile; fileRef = FB89B7FAA67A859BABA8E63A /* CartItem.swift */; };
		FB89B5118F847604589471E9 /* RecommendationFilter.swift in Sources */ = {isa = PBXBuildFile; fileRef = FB89BF69DFF669AFEB54D5DB /* RecommendationFilter.swift */; };
		FB89B5149F16003DAAEAF6AB /* Action.swift in Sources */ = {isa = PBXBuildFile; fileRef = FB89BDFDEEECA711FE2D7A5B /* Action.swift */; };
		FB89B5CBD2BE87DF419304B9 /* Geofence.swift in Sources */ = {isa = PBXBuildFile; fileRef = FB89BEA28EEF852EDF2E97AB /* Geofence.swift */; };
		FB89B742122B85D552F3CD02 /* Product.swift in Sources */ = {isa = PBXBuildFile; fileRef = FB89BA9005BD847B0DF5D3EF /* Product.swift */; };
		FB8A3256880B61349203E432 /* GeofenceMapperTests.swift in Sources */ = {isa = PBXBuildFile; fileRef = FB8A38186C6EF2E3EEE0F7D7 /* GeofenceMapperTests.swift */; };
		FB8A33450029B183C6F58B03 /* PushLogger.swift in Sources */ = {isa = PBXBuildFile; fileRef = FB8A3DF7FF9234E9E88D723D /* PushLogger.swift */; };
		FB8A344F9985C0F7B45615F0 /* InAppInternalProtocol.swift in Sources */ = {isa = PBXBuildFile; fileRef = FB8A3F4E0ECE46D1072D09FF /* InAppInternalProtocol.swift */; };
		FB8A3476E57417A115E9A418 /* OnEventActionLogger.swift in Sources */ = {isa = PBXBuildFile; fileRef = FB8A381B4802196E7E8516C3 /* OnEventActionLogger.swift */; };
		FB8A358BFE5EE80FAD29120B /* OnEventActionInternal.swift in Sources */ = {isa = PBXBuildFile; fileRef = FB8A3597AAA18B3DEB73B4CB /* OnEventActionInternal.swift */; };
		FB8A36B69B7F6CB65CE81788 /* Constants.swift in Sources */ = {isa = PBXBuildFile; fileRef = FB8A31912CF4D0851A541CCF /* Constants.swift */; };
		FB8A38FCE17D998E37B7C995 /* DependencyInjection.swift in Sources */ = {isa = PBXBuildFile; fileRef = FB8A345E39A42C3014A32300 /* DependencyInjection.swift */; };
		FB8A3A23E7B6AEDD9CCD0BF2 /* GeofenceMapper.swift in Sources */ = {isa = PBXBuildFile; fileRef = FB8A38941791A32636DBFBB6 /* GeofenceMapper.swift */; };
		FB8A3B4BE22F616D307041A0 /* SchemaContract.swift in Sources */ = {isa = PBXBuildFile; fileRef = FB8A33AD2347BDE8AFCED627 /* SchemaContract.swift */; };
		FB8A3BDE7658E570DEC03D18 /* DependencyInjectionTests.swift in Sources */ = {isa = PBXBuildFile; fileRef = FB8A322E555E1C57427D89AD /* DependencyInjectionTests.swift */; };
		FB8A3D163329BC4B39BC7A5F /* PredictInternal.swift in Sources */ = {isa = PBXBuildFile; fileRef = FB8A34B535BF7849E90F9CA8 /* PredictInternal.swift */; };
		FB8A3EC6E34C0E1C1225B1FC /* PredictInternalProtocol.swift in Sources */ = {isa = PBXBuildFile; fileRef = FB8A3EA0C02ED2E363491899 /* PredictInternalProtocol.swift */; };
		FB8A3F0996FFAB811D1CBDDF /* PredictLogger.swift in Sources */ = {isa = PBXBuildFile; fileRef = FB8A3D8F756BA9984865F01F /* PredictLogger.swift */; };
		FB8AA060E030258E80955F44 /* PredictCartItem.swift in Sources */ = {isa = PBXBuildFile; fileRef = FB8AA1A169B53D9ECD4AEE1C /* PredictCartItem.swift */; };
		FB8AA0C138F990876F5C33B0 /* ComparisonType.swift in Sources */ = {isa = PBXBuildFile; fileRef = FB8AA72E1DA3B2FE4FB8932C /* ComparisonType.swift */; };
		FB8AA1731ED61F678772D0BB /* RecommendationFilterTests.swift in Sources */ = {isa = PBXBuildFile; fileRef = FB8AAC2E05DA3847BCFB47B8 /* RecommendationFilterTests.swift */; };
		FB8AA47C67596EF912BC6952 /* TriggerType.swift in Sources */ = {isa = PBXBuildFile; fileRef = FB8AADF3D2688B1AE22836CF /* TriggerType.swift */; };
		FB8AAA94F8ED81AB7239DBEB /* Trigger.swift in Sources */ = {isa = PBXBuildFile; fileRef = FB8AA9CE9A2FF0654B4981FC /* Trigger.swift */; };
		FB8AAB0D1803A6BA1925A2CD /* EmarsysContainer.swift in Sources */ = {isa = PBXBuildFile; fileRef = FB8AA86E8A1EB3EB03210311 /* EmarsysContainer.swift */; };
		FB8AACB08D111DD99BB31994 /* Logic.swift in Sources */ = {isa = PBXBuildFile; fileRef = FB8AAAF31022B978FE0764E7 /* Logic.swift */; };
		FB8AACC7C5E4E4733427A1B3 /* LogicType.swift in Sources */ = {isa = PBXBuildFile; fileRef = FB8AADED4ACBBBBD07029966 /* LogicType.swift */; };
/* End PBXBuildFile section */

/* Begin PBXContainerItemProxy section */
		5D2F0DA8273A6C99004D35B0 /* PBXContainerItemProxy */ = {
			isa = PBXContainerItemProxy;
			containerPortal = 5D2945DA27215C45007FC73F /* Project object */;
			proxyType = 1;
			remoteGlobalIDString = 5D2F0D99273A6C93004D35B0;
			remoteInfo = SDKHostSwift;
		};
/* End PBXContainerItemProxy section */

/* Begin PBXFileReference section */
		18BD62C7980CB83965C8CC74 /* Pods-ios-emarsys-sdk-swiftTests.release.xcconfig */ = {isa = PBXFileReference; includeInIndex = 1; lastKnownFileType = text.xcconfig; name = "Pods-ios-emarsys-sdk-swiftTests.release.xcconfig"; path = "Target Support Files/Pods-ios-emarsys-sdk-swiftTests/Pods-ios-emarsys-sdk-swiftTests.release.xcconfig"; sourceTree = "<group>"; };
		2A2585B32727F92100A7E810 /* Podfile */ = {isa = PBXFileReference; lastKnownFileType = text; path = Podfile; sourceTree = "<group>"; xcLanguageSpecificationIdentifier = xcode.lang.ruby; };
		2A309150275E5327009AB798 /* FakeDeepLinkApi.swift */ = {isa = PBXFileReference; lastKnownFileType = sourcecode.swift; path = FakeDeepLinkApi.swift; sourceTree = "<group>"; };
		2A4748B32757893D005E4F9B /* EmarsysTests.swift */ = {isa = PBXFileReference; lastKnownFileType = sourcecode.swift; path = EmarsysTests.swift; sourceTree = "<group>"; };
		2A4C94CE273AB4170016985C /* ConfigInternal.swift */ = {isa = PBXFileReference; lastKnownFileType = sourcecode.swift; path = ConfigInternal.swift; sourceTree = "<group>"; };
		2A4C94D0273AB47A0016985C /* InAppInternal.swift */ = {isa = PBXFileReference; fileEncoding = 4; lastKnownFileType = sourcecode.swift; path = InAppInternal.swift; sourceTree = "<group>"; };
		2A4C94D1273AB47A0016985C /* InAppLogger.swift */ = {isa = PBXFileReference; fileEncoding = 4; lastKnownFileType = sourcecode.swift; path = InAppLogger.swift; sourceTree = "<group>"; };
		2A4C94D4273AB4B50016985C /* GeofenceInternal.swift */ = {isa = PBXFileReference; fileEncoding = 4; lastKnownFileType = sourcecode.swift; path = GeofenceInternal.swift; sourceTree = "<group>"; };
		2A4C94D5273AB4B50016985C /* GeofenceLogger.swift */ = {isa = PBXFileReference; fileEncoding = 4; lastKnownFileType = sourcecode.swift; path = GeofenceLogger.swift; sourceTree = "<group>"; };
		2A4C94D8273AB4FB0016985C /* PushInternal.swift */ = {isa = PBXFileReference; fileEncoding = 4; lastKnownFileType = sourcecode.swift; path = PushInternal.swift; sourceTree = "<group>"; };
		2A767F1927576E1300CEFE75 /* SdkActor.swift */ = {isa = PBXFileReference; lastKnownFileType = sourcecode.swift; path = SdkActor.swift; sourceTree = "<group>"; };
		2A7E1D73273BF8D00003F33E /* InboxInternal.swift */ = {isa = PBXFileReference; fileEncoding = 4; lastKnownFileType = sourcecode.swift; path = InboxInternal.swift; sourceTree = "<group>"; };
		2A7E1D74273BF8D00003F33E /* InboxApi.swift */ = {isa = PBXFileReference; fileEncoding = 4; lastKnownFileType = sourcecode.swift; path = InboxApi.swift; sourceTree = "<group>"; };
		2A7E1D75273BF8D00003F33E /* InboxMessage.swift */ = {isa = PBXFileReference; fileEncoding = 4; lastKnownFileType = sourcecode.swift; path = InboxMessage.swift; sourceTree = "<group>"; };
		2A7E1D77273BF8D00003F33E /* InboxLogger.swift */ = {isa = PBXFileReference; fileEncoding = 4; lastKnownFileType = sourcecode.swift; path = InboxLogger.swift; sourceTree = "<group>"; };
		2A7E1D86273D610B0003F33E /* EmarsysDependency.swift */ = {isa = PBXFileReference; lastKnownFileType = sourcecode.swift; path = EmarsysDependency.swift; sourceTree = "<group>"; };
		2AAE1013272840D200064246 /* InAppApi.swift */ = {isa = PBXFileReference; lastKnownFileType = sourcecode.swift; path = InAppApi.swift; sourceTree = "<group>"; };
		2AAE1016272840D200064246 /* OnEventActionApi.swift */ = {isa = PBXFileReference; lastKnownFileType = sourcecode.swift; path = OnEventActionApi.swift; sourceTree = "<group>"; };
		2AAE1017272840D200064246 /* FlipperFeature.swift */ = {isa = PBXFileReference; lastKnownFileType = sourcecode.swift; path = FlipperFeature.swift; sourceTree = "<group>"; };
		2AAE1019272840D200064246 /* GeofenceApi.swift */ = {isa = PBXFileReference; lastKnownFileType = sourcecode.swift; path = GeofenceApi.swift; sourceTree = "<group>"; };
		2AAE101B272840D200064246 /* PredictApi.swift */ = {isa = PBXFileReference; lastKnownFileType = sourcecode.swift; path = PredictApi.swift; sourceTree = "<group>"; };
		2AAE101D272840D300064246 /* ConfigApi.swift */ = {isa = PBXFileReference; lastKnownFileType = sourcecode.swift; path = ConfigApi.swift; sourceTree = "<group>"; };
		2AAE1021272840D300064246 /* PushApi.swift */ = {isa = PBXFileReference; lastKnownFileType = sourcecode.swift; path = PushApi.swift; sourceTree = "<group>"; };
		2ABAA4BC2758D36900851BB2 /* FakeDependencyContainer.swift */ = {isa = PBXFileReference; lastKnownFileType = sourcecode.swift; path = FakeDependencyContainer.swift; sourceTree = "<group>"; };
		2ABAA4BE2758F77C00851BB2 /* Fakable.swift */ = {isa = PBXFileReference; lastKnownFileType = sourcecode.swift; path = Fakable.swift; sourceTree = "<group>"; };
		2ABAA4C02758FFC600851BB2 /* FakeMobileEngageApi.swift */ = {isa = PBXFileReference; lastKnownFileType = sourcecode.swift; path = FakeMobileEngageApi.swift; sourceTree = "<group>"; };
		2ABAA4C22759141C00851BB2 /* FakePredictApi.swift */ = {isa = PBXFileReference; lastKnownFileType = sourcecode.swift; path = FakePredictApi.swift; sourceTree = "<group>"; };
		2ABAA4C4275915FF00851BB2 /* ExposedPredict.swift */ = {isa = PBXFileReference; lastKnownFileType = sourcecode.swift; path = ExposedPredict.swift; sourceTree = "<group>"; };
		2ACFC457275675C4007DA5FE /* EmarsysError.swift */ = {isa = PBXFileReference; lastKnownFileType = sourcecode.swift; path = EmarsysError.swift; sourceTree = "<group>"; };
		2ACFC45A27567635007DA5FE /* TestExtensions.swift */ = {isa = PBXFileReference; lastKnownFileType = sourcecode.swift; path = TestExtensions.swift; sourceTree = "<group>"; };
		5714DB5F2743A73A006290BC /* PushInternalTests.swift */ = {isa = PBXFileReference; lastKnownFileType = sourcecode.swift; path = PushInternalTests.swift; sourceTree = "<group>"; };
		5714DB612743A81E006290BC /* FakeEMSPush.swift */ = {isa = PBXFileReference; lastKnownFileType = sourcecode.swift; path = FakeEMSPush.swift; sourceTree = "<group>"; };
		5714DB652743B6BE006290BC /* FakeEMSInApp.swift */ = {isa = PBXFileReference; lastKnownFileType = sourcecode.swift; path = FakeEMSInApp.swift; sourceTree = "<group>"; };
		5714DB682743B6ED006290BC /* InAppInternalTests.swift */ = {isa = PBXFileReference; lastKnownFileType = sourcecode.swift; path = InAppInternalTests.swift; sourceTree = "<group>"; };
		5714DB6B2743BC95006290BC /* ConfigInternalTests.swift */ = {isa = PBXFileReference; lastKnownFileType = sourcecode.swift; path = ConfigInternalTests.swift; sourceTree = "<group>"; };
		5714DB6E2743BCBB006290BC /* FakeEMSConfig.swift */ = {isa = PBXFileReference; lastKnownFileType = sourcecode.swift; path = FakeEMSConfig.swift; sourceTree = "<group>"; };
		5714DB712743E273006290BC /* GeofenceInternalTests.swift */ = {isa = PBXFileReference; lastKnownFileType = sourcecode.swift; path = GeofenceInternalTests.swift; sourceTree = "<group>"; };
		5714DB742743E2AA006290BC /* FakeEMSGeofence.swift */ = {isa = PBXFileReference; lastKnownFileType = sourcecode.swift; path = FakeEMSGeofence.swift; sourceTree = "<group>"; };
		5777158F2756270C0005F800 /* OnEventActionTests.swift */ = {isa = PBXFileReference; lastKnownFileType = sourcecode.swift; path = OnEventActionTests.swift; sourceTree = "<group>"; };
		57771592275627A30005F800 /* FakeEMSOnEventAction.swift */ = {isa = PBXFileReference; lastKnownFileType = sourcecode.swift; path = FakeEMSOnEventAction.swift; sourceTree = "<group>"; };
		5777159427562FC80005F800 /* FakeNotificationCenterDelegate.swift */ = {isa = PBXFileReference; lastKnownFileType = sourcecode.swift; path = FakeNotificationCenterDelegate.swift; sourceTree = "<group>"; };
		57C2DE51273D62ED00302EB1 /* FakeEMSInbox.swift */ = {isa = PBXFileReference; lastKnownFileType = sourcecode.swift; path = FakeEMSInbox.swift; sourceTree = "<group>"; };
		57C2DE55273D63BB00302EB1 /* InboxInternalTests.swift */ = {isa = PBXFileReference; lastKnownFileType = sourcecode.swift; path = InboxInternalTests.swift; sourceTree = "<group>"; };
		57F5B7DE27450ECC002BA84C /* PredictInternalTests.swift */ = {isa = PBXFileReference; lastKnownFileType = sourcecode.swift; path = PredictInternalTests.swift; sourceTree = "<group>"; };
		57F5B7E127450F21002BA84C /* FakeEMSPredict.swift */ = {isa = PBXFileReference; lastKnownFileType = sourcecode.swift; path = FakeEMSPredict.swift; sourceTree = "<group>"; };
		57F5B7E327452C6D002BA84C /* FakeEMSProduct.swift */ = {isa = PBXFileReference; lastKnownFileType = sourcecode.swift; path = FakeEMSProduct.swift; sourceTree = "<group>"; };
		57F5B7E527464642002BA84C /* FakeInboxResult.swift */ = {isa = PBXFileReference; lastKnownFileType = sourcecode.swift; path = FakeInboxResult.swift; sourceTree = "<group>"; };
		57F5B7E7274646D4002BA84C /* CallHandler.swift */ = {isa = PBXFileReference; lastKnownFileType = sourcecode.swift; path = CallHandler.swift; sourceTree = "<group>"; };
		57F5B7EA27467484002BA84C /* MobileEngageApi.swift */ = {isa = PBXFileReference; lastKnownFileType = sourcecode.swift; path = MobileEngageApi.swift; sourceTree = "<group>"; };
		57F5B7EC274674A6002BA84C /* MobileEngageInternal.swift */ = {isa = PBXFileReference; lastKnownFileType = sourcecode.swift; path = MobileEngageInternal.swift; sourceTree = "<group>"; };
		57F5B7EE274674BE002BA84C /* MobileEngageLogger.swift */ = {isa = PBXFileReference; lastKnownFileType = sourcecode.swift; path = MobileEngageLogger.swift; sourceTree = "<group>"; };
		57F5B7F127467771002BA84C /* MobileEngageInternalTests.swift */ = {isa = PBXFileReference; lastKnownFileType = sourcecode.swift; path = MobileEngageInternalTests.swift; sourceTree = "<group>"; };
		57F5B7F4274677A2002BA84C /* FakeEMSMobileEngage.swift */ = {isa = PBXFileReference; lastKnownFileType = sourcecode.swift; path = FakeEMSMobileEngage.swift; sourceTree = "<group>"; };
		57F5B7F727468CAE002BA84C /* DeepLinkApi.swift */ = {isa = PBXFileReference; lastKnownFileType = sourcecode.swift; path = DeepLinkApi.swift; sourceTree = "<group>"; };
		57F5B7F927468CC4002BA84C /* DeepLinkInternal.swift */ = {isa = PBXFileReference; lastKnownFileType = sourcecode.swift; path = DeepLinkInternal.swift; sourceTree = "<group>"; };
		57F5B7FB27468CD6002BA84C /* DeepLinkLogger.swift */ = {isa = PBXFileReference; lastKnownFileType = sourcecode.swift; path = DeepLinkLogger.swift; sourceTree = "<group>"; };
		57F5B7FE27469656002BA84C /* DeepLinkInternalTests.swift */ = {isa = PBXFileReference; lastKnownFileType = sourcecode.swift; path = DeepLinkInternalTests.swift; sourceTree = "<group>"; };
		57F5B80127469681002BA84C /* FakeEMSDeepLink.swift */ = {isa = PBXFileReference; lastKnownFileType = sourcecode.swift; path = FakeEMSDeepLink.swift; sourceTree = "<group>"; };
		5D2945E327215C45007FC73F /* ios_emarsys_sdk_swift.framework */ = {isa = PBXFileReference; explicitFileType = wrapper.framework; includeInIndex = 0; path = ios_emarsys_sdk_swift.framework; sourceTree = BUILT_PRODUCTS_DIR; };
		5D2945E727215C45007FC73F /* ios_emarsys_sdk_swift.docc */ = {isa = PBXFileReference; lastKnownFileType = folder.documentationcatalog; path = ios_emarsys_sdk_swift.docc; sourceTree = "<group>"; };
		5D2945ED27215C45007FC73F /* ios-emarsys-sdk-swiftTests.xctest */ = {isa = PBXFileReference; explicitFileType = wrapper.cfbundle; includeInIndex = 0; path = "ios-emarsys-sdk-swiftTests.xctest"; sourceTree = BUILT_PRODUCTS_DIR; };
		5D2945F227215C45007FC73F /* ios_emarsys_sdk_swiftTests.swift */ = {isa = PBXFileReference; lastKnownFileType = sourcecode.swift; path = ios_emarsys_sdk_swiftTests.swift; sourceTree = "<group>"; };
		5D2945FF27216019007FC73F /* EmarsysSDKSwift.podspec */ = {isa = PBXFileReference; fileEncoding = 4; lastKnownFileType = text; path = EmarsysSDKSwift.podspec; sourceTree = "<group>"; };
		5D2F0D9A273A6C93004D35B0 /* SDKHostSwift.app */ = {isa = PBXFileReference; explicitFileType = wrapper.application; includeInIndex = 0; path = SDKHostSwift.app; sourceTree = BUILT_PRODUCTS_DIR; };
		5D2F0D9C273A6C93004D35B0 /* SDKHostSwiftApp.swift */ = {isa = PBXFileReference; lastKnownFileType = sourcecode.swift; path = SDKHostSwiftApp.swift; sourceTree = "<group>"; };
		5D2F0D9E273A6C93004D35B0 /* ContentView.swift */ = {isa = PBXFileReference; lastKnownFileType = sourcecode.swift; path = ContentView.swift; sourceTree = "<group>"; };
		5D2F0DA0273A6C94004D35B0 /* Assets.xcassets */ = {isa = PBXFileReference; lastKnownFileType = folder.assetcatalog; path = Assets.xcassets; sourceTree = "<group>"; };
		5D2F0DA3273A6C94004D35B0 /* Preview Assets.xcassets */ = {isa = PBXFileReference; lastKnownFileType = folder.assetcatalog; path = "Preview Assets.xcassets"; sourceTree = "<group>"; };
		5D4745E627297FC5007ECAD6 /* SwiftEmarsys.swift */ = {isa = PBXFileReference; fileEncoding = 4; lastKnownFileType = sourcecode.swift; path = SwiftEmarsys.swift; sourceTree = "<group>"; };
		5D4745E827298260007ECAD6 /* Config.swift */ = {isa = PBXFileReference; lastKnownFileType = sourcecode.swift; path = Config.swift; sourceTree = "<group>"; };
		5D4745EA272982AC007ECAD6 /* LogLevelProtocol.swift */ = {isa = PBXFileReference; lastKnownFileType = sourcecode.swift; path = LogLevelProtocol.swift; sourceTree = "<group>"; };
		5D4745EE272988C8007ECAD6 /* NotificationInformation.swift */ = {isa = PBXFileReference; lastKnownFileType = sourcecode.swift; path = NotificationInformation.swift; sourceTree = "<group>"; };
		7C7C5600BD5CD800842DD7AA /* Pods-ios-emarsys-sdk-swift.debug.xcconfig */ = {isa = PBXFileReference; includeInIndex = 1; lastKnownFileType = text.xcconfig; name = "Pods-ios-emarsys-sdk-swift.debug.xcconfig"; path = "Target Support Files/Pods-ios-emarsys-sdk-swift/Pods-ios-emarsys-sdk-swift.debug.xcconfig"; sourceTree = "<group>"; };
		A7E2EE1EAA513826F3B1873A /* Pods_ios_emarsys_sdk_swift.framework */ = {isa = PBXFileReference; explicitFileType = wrapper.framework; includeInIndex = 0; path = Pods_ios_emarsys_sdk_swift.framework; sourceTree = BUILT_PRODUCTS_DIR; };
		C5ACA8F2C1ED1C570FE5B85D /* Pods_ios_emarsys_sdk_swiftTests.framework */ = {isa = PBXFileReference; explicitFileType = wrapper.framework; includeInIndex = 0; path = Pods_ios_emarsys_sdk_swiftTests.framework; sourceTree = BUILT_PRODUCTS_DIR; };
		EFE656219A1F7255FFB85C03 /* Pods-ios-emarsys-sdk-swift.release.xcconfig */ = {isa = PBXFileReference; includeInIndex = 1; lastKnownFileType = text.xcconfig; name = "Pods-ios-emarsys-sdk-swift.release.xcconfig"; path = "Target Support Files/Pods-ios-emarsys-sdk-swift/Pods-ios-emarsys-sdk-swift.release.xcconfig"; sourceTree = "<group>"; };
		F6C58A27D46F894E0B443800 /* Pods-ios-emarsys-sdk-swiftTests.debug.xcconfig */ = {isa = PBXFileReference; includeInIndex = 1; lastKnownFileType = text.xcconfig; name = "Pods-ios-emarsys-sdk-swiftTests.debug.xcconfig"; path = "Target Support Files/Pods-ios-emarsys-sdk-swiftTests/Pods-ios-emarsys-sdk-swiftTests.debug.xcconfig"; sourceTree = "<group>"; };
		FB89B79DE5A24FDFC6F7A067 /* EventPublisher.swift */ = {isa = PBXFileReference; fileEncoding = 4; lastKnownFileType = sourcecode.swift; name = EventPublisher.swift; path = EmarsysSDK/EventPublisher.swift; sourceTree = "<group>"; };
		FB89B7FAA67A859BABA8E63A /* CartItem.swift */ = {isa = PBXFileReference; fileEncoding = 4; lastKnownFileType = sourcecode.swift; path = CartItem.swift; sourceTree = "<group>"; };
		FB89BA9005BD847B0DF5D3EF /* Product.swift */ = {isa = PBXFileReference; fileEncoding = 4; lastKnownFileType = sourcecode.swift; path = Product.swift; sourceTree = "<group>"; };
		FB89BA9EFB9A14EA8170D85A /* Event.swift */ = {isa = PBXFileReference; fileEncoding = 4; lastKnownFileType = sourcecode.swift; name = Event.swift; path = EmarsysSDK/Event.swift; sourceTree = "<group>"; };
		FB89BDFDEEECA711FE2D7A5B /* Action.swift */ = {isa = PBXFileReference; fileEncoding = 4; lastKnownFileType = sourcecode.swift; name = Action.swift; path = EmarsysSDK/Action.swift; sourceTree = "<group>"; };
		FB89BEA28EEF852EDF2E97AB /* Geofence.swift */ = {isa = PBXFileReference; fileEncoding = 4; lastKnownFileType = sourcecode.swift; path = Geofence.swift; sourceTree = "<group>"; };
		FB89BF69DFF669AFEB54D5DB /* RecommendationFilter.swift */ = {isa = PBXFileReference; fileEncoding = 4; lastKnownFileType = sourcecode.swift; path = RecommendationFilter.swift; sourceTree = "<group>"; };
		FB8A31912CF4D0851A541CCF /* Constants.swift */ = {isa = PBXFileReference; fileEncoding = 4; lastKnownFileType = sourcecode.swift; path = Constants.swift; sourceTree = "<group>"; };
		FB8A322E555E1C57427D89AD /* DependencyInjectionTests.swift */ = {isa = PBXFileReference; fileEncoding = 4; lastKnownFileType = sourcecode.swift; path = DependencyInjectionTests.swift; sourceTree = "<group>"; };
		FB8A33AD2347BDE8AFCED627 /* SchemaContract.swift */ = {isa = PBXFileReference; fileEncoding = 4; lastKnownFileType = sourcecode.swift; path = SchemaContract.swift; sourceTree = "<group>"; };
		FB8A345E39A42C3014A32300 /* DependencyInjection.swift */ = {isa = PBXFileReference; fileEncoding = 4; lastKnownFileType = sourcecode.swift; path = DependencyInjection.swift; sourceTree = "<group>"; };
		FB8A34B535BF7849E90F9CA8 /* PredictInternal.swift */ = {isa = PBXFileReference; fileEncoding = 4; lastKnownFileType = sourcecode.swift; path = PredictInternal.swift; sourceTree = "<group>"; };
		FB8A3557B764D7172A243E3A /* ServiceUrls.swift */ = {isa = PBXFileReference; fileEncoding = 4; lastKnownFileType = sourcecode.swift; path = ServiceUrls.swift; sourceTree = "<group>"; };
		FB8A3597AAA18B3DEB73B4CB /* OnEventActionInternal.swift */ = {isa = PBXFileReference; fileEncoding = 4; lastKnownFileType = sourcecode.swift; path = OnEventActionInternal.swift; sourceTree = "<group>"; };
		FB8A36B09464F52DA50AF22E /* InboxLogger.swift */ = {isa = PBXFileReference; fileEncoding = 4; lastKnownFileType = sourcecode.swift; name = InboxLogger.swift; path = Inbox/InboxLogger.swift; sourceTree = "<group>"; };
		FB8A38186C6EF2E3EEE0F7D7 /* GeofenceMapperTests.swift */ = {isa = PBXFileReference; fileEncoding = 4; lastKnownFileType = sourcecode.swift; path = GeofenceMapperTests.swift; sourceTree = "<group>"; };
		FB8A381B4802196E7E8516C3 /* OnEventActionLogger.swift */ = {isa = PBXFileReference; fileEncoding = 4; lastKnownFileType = sourcecode.swift; path = OnEventActionLogger.swift; sourceTree = "<group>"; };
		FB8A38941791A32636DBFBB6 /* GeofenceMapper.swift */ = {isa = PBXFileReference; fileEncoding = 4; lastKnownFileType = sourcecode.swift; path = GeofenceMapper.swift; sourceTree = "<group>"; };
		FB8A3D8F756BA9984865F01F /* PredictLogger.swift */ = {isa = PBXFileReference; fileEncoding = 4; lastKnownFileType = sourcecode.swift; path = PredictLogger.swift; sourceTree = "<group>"; };
		FB8A3DF7FF9234E9E88D723D /* PushLogger.swift */ = {isa = PBXFileReference; fileEncoding = 4; lastKnownFileType = sourcecode.swift; path = PushLogger.swift; sourceTree = "<group>"; };
		FB8A3EA0C02ED2E363491899 /* PredictInternalProtocol.swift */ = {isa = PBXFileReference; fileEncoding = 4; lastKnownFileType = sourcecode.swift; path = PredictInternalProtocol.swift; sourceTree = "<group>"; };
		FB8A3F4E0ECE46D1072D09FF /* InAppInternalProtocol.swift */ = {isa = PBXFileReference; fileEncoding = 4; lastKnownFileType = sourcecode.swift; path = InAppInternalProtocol.swift; sourceTree = "<group>"; };
		FB8AA036B512C36FF0DCC8F2 /* LogicTests.swift */ = {isa = PBXFileReference; fileEncoding = 4; lastKnownFileType = sourcecode.swift; path = LogicTests.swift; sourceTree = "<group>"; };
		FB8AA1A169B53D9ECD4AEE1C /* PredictCartItem.swift */ = {isa = PBXFileReference; fileEncoding = 4; lastKnownFileType = sourcecode.swift; path = PredictCartItem.swift; sourceTree = "<group>"; };
		FB8AA72E1DA3B2FE4FB8932C /* ComparisonType.swift */ = {isa = PBXFileReference; fileEncoding = 4; lastKnownFileType = sourcecode.swift; path = ComparisonType.swift; sourceTree = "<group>"; };
		FB8AA86E8A1EB3EB03210311 /* EmarsysContainer.swift */ = {isa = PBXFileReference; fileEncoding = 4; lastKnownFileType = sourcecode.swift; path = EmarsysContainer.swift; sourceTree = "<group>"; };
		FB8AA9CE9A2FF0654B4981FC /* Trigger.swift */ = {isa = PBXFileReference; fileEncoding = 4; lastKnownFileType = sourcecode.swift; path = Trigger.swift; sourceTree = "<group>"; };
		FB8AAAF31022B978FE0764E7 /* Logic.swift */ = {isa = PBXFileReference; fileEncoding = 4; lastKnownFileType = sourcecode.swift; path = Logic.swift; sourceTree = "<group>"; };
		FB8AAC2E05DA3847BCFB47B8 /* RecommendationFilterTests.swift */ = {isa = PBXFileReference; fileEncoding = 4; lastKnownFileType = sourcecode.swift; path = RecommendationFilterTests.swift; sourceTree = "<group>"; };
		FB8AADED4ACBBBBD07029966 /* LogicType.swift */ = {isa = PBXFileReference; fileEncoding = 4; lastKnownFileType = sourcecode.swift; path = LogicType.swift; sourceTree = "<group>"; };
		FB8AADF3D2688B1AE22836CF /* TriggerType.swift */ = {isa = PBXFileReference; fileEncoding = 4; lastKnownFileType = sourcecode.swift; path = TriggerType.swift; sourceTree = "<group>"; };
/* End PBXFileReference section */

/* Begin PBXFrameworksBuildPhase section */
		5D2945E027215C45007FC73F /* Frameworks */ = {
			isa = PBXFrameworksBuildPhase;
			buildActionMask = 2147483647;
			files = (
				E358A1444788E94E5014A3E8 /* Pods_ios_emarsys_sdk_swift.framework in Frameworks */,
			);
			runOnlyForDeploymentPostprocessing = 0;
		};
		5D2945EA27215C45007FC73F /* Frameworks */ = {
			isa = PBXFrameworksBuildPhase;
			buildActionMask = 2147483647;
			files = (
				5D2945EE27215C45007FC73F /* ios_emarsys_sdk_swift.framework in Frameworks */,
				1DD5A0DADD9ECF759D923E34 /* Pods_ios_emarsys_sdk_swiftTests.framework in Frameworks */,
			);
			runOnlyForDeploymentPostprocessing = 0;
		};
		5D2F0D97273A6C93004D35B0 /* Frameworks */ = {
			isa = PBXFrameworksBuildPhase;
			buildActionMask = 2147483647;
			files = (
			);
			runOnlyForDeploymentPostprocessing = 0;
		};
/* End PBXFrameworksBuildPhase section */

/* Begin PBXGroup section */
		2A7E1D72273BF8B00003F33E /* Inbox */ = {
			isa = PBXGroup;
			children = (
				2A7E1D74273BF8D00003F33E /* InboxApi.swift */,
				2A7E1D73273BF8D00003F33E /* InboxInternal.swift */,
				2A7E1D77273BF8D00003F33E /* InboxLogger.swift */,
				2A7E1D75273BF8D00003F33E /* InboxMessage.swift */,
			);
			path = Inbox;
			sourceTree = "<group>";
		};
		2AAE1015272840D200064246 /* OnEventAction */ = {
			isa = PBXGroup;
			children = (
				2AAE1016272840D200064246 /* OnEventActionApi.swift */,
				FB8A3597AAA18B3DEB73B4CB /* OnEventActionInternal.swift */,
				FB8A381B4802196E7E8516C3 /* OnEventActionLogger.swift */,
			);
			path = OnEventAction;
			sourceTree = "<group>";
		};
		2AAE1018272840D200064246 /* Geofence */ = {
			isa = PBXGroup;
			children = (
				2A4C94D4273AB4B50016985C /* GeofenceInternal.swift */,
				2A4C94D5273AB4B50016985C /* GeofenceLogger.swift */,
				2AAE1019272840D200064246 /* GeofenceApi.swift */,
				FB89BEA28EEF852EDF2E97AB /* Geofence.swift */,
				FB8AA9CE9A2FF0654B4981FC /* Trigger.swift */,
				FB8AADF3D2688B1AE22836CF /* TriggerType.swift */,
				FB8A38941791A32636DBFBB6 /* GeofenceMapper.swift */,
			);
			path = Geofence;
			sourceTree = "<group>";
		};
		2AAE101A272840D200064246 /* Predict */ = {
			isa = PBXGroup;
			children = (
				2AAE101B272840D200064246 /* PredictApi.swift */,
				FB89B7FAA67A859BABA8E63A /* CartItem.swift */,
				FB89BF69DFF669AFEB54D5DB /* RecommendationFilter.swift */,
				FB89BA9005BD847B0DF5D3EF /* Product.swift */,
				FB8AAAF31022B978FE0764E7 /* Logic.swift */,
				FB8AADED4ACBBBBD07029966 /* LogicType.swift */,
				FB8AA1A169B53D9ECD4AEE1C /* PredictCartItem.swift */,
				FB8AA72E1DA3B2FE4FB8932C /* ComparisonType.swift */,
				FB8A34B535BF7849E90F9CA8 /* PredictInternal.swift */,
				FB8A3D8F756BA9984865F01F /* PredictLogger.swift */,
				FB8A3EA0C02ED2E363491899 /* PredictInternalProtocol.swift */,
				2ABAA4C4275915FF00851BB2 /* ExposedPredict.swift */,
			);
			path = Predict;
			sourceTree = "<group>";
		};
		2AAE101C272840D300064246 /* Config */ = {
			isa = PBXGroup;
			children = (
				2AAE101D272840D300064246 /* ConfigApi.swift */,
				2A4C94CE273AB4170016985C /* ConfigInternal.swift */,
			);
			path = Config;
			sourceTree = "<group>";
		};
		2AAE1020272840D300064246 /* Push */ = {
			isa = PBXGroup;
			children = (
				2A4C94D8273AB4FB0016985C /* PushInternal.swift */,
				2AAE1021272840D300064246 /* PushApi.swift */,
				FB8A3DF7FF9234E9E88D723D /* PushLogger.swift */,
			);
			path = Push;
			sourceTree = "<group>";
		};
		2AAE1027272840D300064246 /* InApp */ = {
			isa = PBXGroup;
			children = (
				2A4C94D0273AB47A0016985C /* InAppInternal.swift */,
				2A4C94D1273AB47A0016985C /* InAppLogger.swift */,
				2AAE1013272840D200064246 /* InAppApi.swift */,
				FB8A3F4E0ECE46D1072D09FF /* InAppInternalProtocol.swift */,
			);
			path = InApp;
			sourceTree = "<group>";
		};
		2ACFC456275675B6007DA5FE /* Core */ = {
			isa = PBXGroup;
			children = (
				2ACFC457275675C4007DA5FE /* EmarsysError.swift */,
				2A767F1927576E1300CEFE75 /* SdkActor.swift */,
			);
			path = Core;
			sourceTree = "<group>";
		};
		2ACFC45927567618007DA5FE /* Extensions */ = {
			isa = PBXGroup;
			children = (
				2ACFC45A27567635007DA5FE /* TestExtensions.swift */,
			);
			path = Extensions;
			sourceTree = "<group>";
		};
		5714DB5D2743A6FE006290BC /* Push */ = {
			isa = PBXGroup;
			children = (
				5714DB5F2743A73A006290BC /* PushInternalTests.swift */,
			);
			path = Push;
			sourceTree = "<group>";
		};
		5714DB632743A82C006290BC /* Push */ = {
			isa = PBXGroup;
			children = (
				5714DB612743A81E006290BC /* FakeEMSPush.swift */,
			);
			path = Push;
			sourceTree = "<group>";
		};
		5714DB642743B6AA006290BC /* InApp */ = {
			isa = PBXGroup;
			children = (
				5714DB652743B6BE006290BC /* FakeEMSInApp.swift */,
			);
			path = InApp;
			sourceTree = "<group>";
		};
		5714DB672743B6D5006290BC /* InApp */ = {
			isa = PBXGroup;
			children = (
				5714DB682743B6ED006290BC /* InAppInternalTests.swift */,
			);
			path = InApp;
			sourceTree = "<group>";
		};
		5714DB6A2743BC7D006290BC /* Config */ = {
			isa = PBXGroup;
			children = (
				5714DB6B2743BC95006290BC /* ConfigInternalTests.swift */,
			);
			path = Config;
			sourceTree = "<group>";
		};
		5714DB6D2743BCA7006290BC /* Config */ = {
			isa = PBXGroup;
			children = (
				5714DB6E2743BCBB006290BC /* FakeEMSConfig.swift */,
			);
			path = Config;
			sourceTree = "<group>";
		};
		5714DB702743E162006290BC /* Geofence */ = {
			isa = PBXGroup;
			children = (
				FB8A38186C6EF2E3EEE0F7D7 /* GeofenceMapperTests.swift */,
				5714DB712743E273006290BC /* GeofenceInternalTests.swift */,
			);
			path = Geofence;
			sourceTree = "<group>";
		};
		5714DB732743E27B006290BC /* Geofence */ = {
			isa = PBXGroup;
			children = (
				5714DB742743E2AA006290BC /* FakeEMSGeofence.swift */,
			);
			path = Geofence;
			sourceTree = "<group>";
		};
		5777158E275626E90005F800 /* OnEventAction */ = {
			isa = PBXGroup;
			children = (
				5777158F2756270C0005F800 /* OnEventActionTests.swift */,
			);
			path = OnEventAction;
			sourceTree = "<group>";
		};
		57771591275627860005F800 /* OnEventAction */ = {
			isa = PBXGroup;
			children = (
				57771592275627A30005F800 /* FakeEMSOnEventAction.swift */,
			);
			path = OnEventAction;
			sourceTree = "<group>";
		};
		57C2DE4F273D62A400302EB1 /* Fakes */ = {
			isa = PBXGroup;
			children = (
				5777159427562FC80005F800 /* FakeNotificationCenterDelegate.swift */,
				57771591275627860005F800 /* OnEventAction */,
				57F5B8002746966B002BA84C /* DeepLink */,
				57F5B7F32746777E002BA84C /* MobileEngage */,
				57F5B7E027450F01002BA84C /* Predict */,
				5714DB732743E27B006290BC /* Geofence */,
				5714DB6D2743BCA7006290BC /* Config */,
				5714DB642743B6AA006290BC /* InApp */,
				5714DB632743A82C006290BC /* Push */,
				57C2DE50273D62BD00302EB1 /* Inbox */,
			);
			path = Fakes;
			sourceTree = "<group>";
		};
		57C2DE50273D62BD00302EB1 /* Inbox */ = {
			isa = PBXGroup;
			children = (
				57C2DE51273D62ED00302EB1 /* FakeEMSInbox.swift */,
				57F5B7E527464642002BA84C /* FakeInboxResult.swift */,
			);
			path = Inbox;
			sourceTree = "<group>";
		};
		57C2DE54273D639300302EB1 /* Inbox */ = {
			isa = PBXGroup;
			children = (
				57C2DE55273D63BB00302EB1 /* InboxInternalTests.swift */,
			);
			path = Inbox;
			sourceTree = "<group>";
		};
		57F5B7E027450F01002BA84C /* Predict */ = {
			isa = PBXGroup;
			children = (
				57F5B7E127450F21002BA84C /* FakeEMSPredict.swift */,
				57F5B7E327452C6D002BA84C /* FakeEMSProduct.swift */,
			);
			path = Predict;
			sourceTree = "<group>";
		};
		57F5B7E92746745C002BA84C /* MobileEngage */ = {
			isa = PBXGroup;
			children = (
				57F5B7EA27467484002BA84C /* MobileEngageApi.swift */,
				57F5B7EC274674A6002BA84C /* MobileEngageInternal.swift */,
				57F5B7EE274674BE002BA84C /* MobileEngageLogger.swift */,
			);
			path = MobileEngage;
			sourceTree = "<group>";
		};
		57F5B7F027467756002BA84C /* MobileEngage */ = {
			isa = PBXGroup;
			children = (
				57F5B7F127467771002BA84C /* MobileEngageInternalTests.swift */,
				2ABAA4C02758FFC600851BB2 /* FakeMobileEngageApi.swift */,
			);
			path = MobileEngage;
			sourceTree = "<group>";
		};
		57F5B7F32746777E002BA84C /* MobileEngage */ = {
			isa = PBXGroup;
			children = (
				57F5B7F4274677A2002BA84C /* FakeEMSMobileEngage.swift */,
			);
			path = MobileEngage;
			sourceTree = "<group>";
		};
		57F5B7F627468C94002BA84C /* DeepLink */ = {
			isa = PBXGroup;
			children = (
				57F5B7F727468CAE002BA84C /* DeepLinkApi.swift */,
				57F5B7F927468CC4002BA84C /* DeepLinkInternal.swift */,
				57F5B7FB27468CD6002BA84C /* DeepLinkLogger.swift */,
			);
			path = DeepLink;
			sourceTree = "<group>";
		};
		57F5B7FD27469630002BA84C /* DeepLink */ = {
			isa = PBXGroup;
			children = (
				57F5B7FE27469656002BA84C /* DeepLinkInternalTests.swift */,
				2A309150275E5327009AB798 /* FakeDeepLinkApi.swift */,
			);
			path = DeepLink;
			sourceTree = "<group>";
		};
		57F5B8002746966B002BA84C /* DeepLink */ = {
			isa = PBXGroup;
			children = (
				57F5B80127469681002BA84C /* FakeEMSDeepLink.swift */,
			);
			path = DeepLink;
			sourceTree = "<group>";
		};
		5D2945D927215C45007FC73F = {
			isa = PBXGroup;
			children = (
				2A2585B32727F92100A7E810 /* Podfile */,
				5D2945FF27216019007FC73F /* EmarsysSDKSwift.podspec */,
				5D2945E527215C45007FC73F /* ios-emarsys-sdk-swift */,
				5D2945F127215C45007FC73F /* ios-emarsys-sdk-swiftTests */,
				5D2F0D9B273A6C93004D35B0 /* SDKHostSwift */,
				5D2945E427215C45007FC73F /* Products */,
				619FBACF8B007D1524A85FAB /* Pods */,
				C7114334FF86E4580848C694 /* Frameworks */,
			);
			sourceTree = "<group>";
		};
		5D2945E427215C45007FC73F /* Products */ = {
			isa = PBXGroup;
			children = (
				5D2945E327215C45007FC73F /* ios_emarsys_sdk_swift.framework */,
				5D2945ED27215C45007FC73F /* ios-emarsys-sdk-swiftTests.xctest */,
				5D2F0D9A273A6C93004D35B0 /* SDKHostSwift.app */,
			);
			name = Products;
			sourceTree = "<group>";
		};
		5D2945E527215C45007FC73F /* ios-emarsys-sdk-swift */ = {
			isa = PBXGroup;
			children = (
				2ACFC456275675B6007DA5FE /* Core */,
				57F5B7F627468C94002BA84C /* DeepLink */,
				57F5B7E92746745C002BA84C /* MobileEngage */,
				2A7E1D72273BF8B00003F33E /* Inbox */,
				5D4745E627297FC5007ECAD6 /* SwiftEmarsys.swift */,
				2AAE101C272840D300064246 /* Config */,
				2AAE1017272840D200064246 /* FlipperFeature.swift */,
				2AAE1018272840D200064246 /* Geofence */,
				2AAE1027272840D300064246 /* InApp */,
				2AAE1015272840D200064246 /* OnEventAction */,
				2AAE101A272840D200064246 /* Predict */,
				2AAE1020272840D300064246 /* Push */,
				5D2945E727215C45007FC73F /* ios_emarsys_sdk_swift.docc */,
				5D4745E827298260007ECAD6 /* Config.swift */,
				5D4745EA272982AC007ECAD6 /* LogLevelProtocol.swift */,
				5D4745EE272988C8007ECAD6 /* NotificationInformation.swift */,
				FB89BDFDEEECA711FE2D7A5B /* Action.swift */,
				FB89BA9EFB9A14EA8170D85A /* Event.swift */,
				FB89B79DE5A24FDFC6F7A067 /* EventPublisher.swift */,
				FB8A36B09464F52DA50AF22E /* InboxLogger.swift */,
				FB8AAAEE308ED30029485001 /* DI */,
				FB8A31CCF5F90BDBF472785A /* Constants */,
			);
			path = "ios-emarsys-sdk-swift";
			sourceTree = "<group>";
		};
		5D2945F127215C45007FC73F /* ios-emarsys-sdk-swiftTests */ = {
			isa = PBXGroup;
			children = (
				2ACFC45927567618007DA5FE /* Extensions */,
				5777158E275626E90005F800 /* OnEventAction */,
				57F5B7FD27469630002BA84C /* DeepLink */,
				57F5B7F027467756002BA84C /* MobileEngage */,
				5714DB702743E162006290BC /* Geofence */,
				5714DB6A2743BC7D006290BC /* Config */,
				5714DB672743B6D5006290BC /* InApp */,
				5714DB5D2743A6FE006290BC /* Push */,
				57C2DE54273D639300302EB1 /* Inbox */,
				57C2DE4F273D62A400302EB1 /* Fakes */,
				5D2945F227215C45007FC73F /* ios_emarsys_sdk_swiftTests.swift */,
				FB8AA5219A646BAE3C3A7E89 /* Predict */,
				57F5B7E7274646D4002BA84C /* CallHandler.swift */,
				FB8A33FEE0EEF0148254BDA2 /* DI */,
				2A4748B32757893D005E4F9B /* EmarsysTests.swift */,
				2ABAA4BE2758F77C00851BB2 /* Fakable.swift */,
			);
			path = "ios-emarsys-sdk-swiftTests";
			sourceTree = "<group>";
		};
		5D2F0D9B273A6C93004D35B0 /* SDKHostSwift */ = {
			isa = PBXGroup;
			children = (
				5D2F0D9C273A6C93004D35B0 /* SDKHostSwiftApp.swift */,
				5D2F0D9E273A6C93004D35B0 /* ContentView.swift */,
				5D2F0DA0273A6C94004D35B0 /* Assets.xcassets */,
				5D2F0DA2273A6C94004D35B0 /* Preview Content */,
			);
			path = SDKHostSwift;
			sourceTree = "<group>";
		};
		5D2F0DA2273A6C94004D35B0 /* Preview Content */ = {
			isa = PBXGroup;
			children = (
				5D2F0DA3273A6C94004D35B0 /* Preview Assets.xcassets */,
			);
			path = "Preview Content";
			sourceTree = "<group>";
		};
		619FBACF8B007D1524A85FAB /* Pods */ = {
			isa = PBXGroup;
			children = (
				7C7C5600BD5CD800842DD7AA /* Pods-ios-emarsys-sdk-swift.debug.xcconfig */,
				EFE656219A1F7255FFB85C03 /* Pods-ios-emarsys-sdk-swift.release.xcconfig */,
				F6C58A27D46F894E0B443800 /* Pods-ios-emarsys-sdk-swiftTests.debug.xcconfig */,
				18BD62C7980CB83965C8CC74 /* Pods-ios-emarsys-sdk-swiftTests.release.xcconfig */,
			);
			path = Pods;
			sourceTree = "<group>";
		};
		C7114334FF86E4580848C694 /* Frameworks */ = {
			isa = PBXGroup;
			children = (
				A7E2EE1EAA513826F3B1873A /* Pods_ios_emarsys_sdk_swift.framework */,
				C5ACA8F2C1ED1C570FE5B85D /* Pods_ios_emarsys_sdk_swiftTests.framework */,
			);
			name = Frameworks;
			sourceTree = "<group>";
		};
		FB8A31CCF5F90BDBF472785A /* Constants */ = {
			isa = PBXGroup;
			children = (
				FB8A31912CF4D0851A541CCF /* Constants.swift */,
				FB8A33AD2347BDE8AFCED627 /* SchemaContract.swift */,
				FB8A3557B764D7172A243E3A /* ServiceUrls.swift */,
			);
			path = Constants;
			sourceTree = "<group>";
		};
		FB8A33FEE0EEF0148254BDA2 /* DI */ = {
			isa = PBXGroup;
			children = (
				FB8A322E555E1C57427D89AD /* DependencyInjectionTests.swift */,
				2ABAA4BC2758D36900851BB2 /* FakeDependencyContainer.swift */,
			);
			path = DI;
			sourceTree = "<group>";
		};
		FB8AA5219A646BAE3C3A7E89 /* Predict */ = {
			isa = PBXGroup;
			children = (
				FB8AA036B512C36FF0DCC8F2 /* LogicTests.swift */,
				FB8AAC2E05DA3847BCFB47B8 /* RecommendationFilterTests.swift */,
				57F5B7DE27450ECC002BA84C /* PredictInternalTests.swift */,
				2ABAA4C22759141C00851BB2 /* FakePredictApi.swift */,
			);
			path = Predict;
			sourceTree = "<group>";
		};
		FB8AAAEE308ED30029485001 /* DI */ = {
			isa = PBXGroup;
			children = (
				FB8AA86E8A1EB3EB03210311 /* EmarsysContainer.swift */,
				FB8A345E39A42C3014A32300 /* DependencyInjection.swift */,
				2A7E1D86273D610B0003F33E /* EmarsysDependency.swift */,
			);
			path = DI;
			sourceTree = "<group>";
		};
/* End PBXGroup section */

/* Begin PBXHeadersBuildPhase section */
		5D2945DE27215C45007FC73F /* Headers */ = {
			isa = PBXHeadersBuildPhase;
			buildActionMask = 2147483647;
			files = (
			);
			runOnlyForDeploymentPostprocessing = 0;
		};
/* End PBXHeadersBuildPhase section */

/* Begin PBXNativeTarget section */
		5D2945E227215C45007FC73F /* ios-emarsys-sdk-swift */ = {
			isa = PBXNativeTarget;
			buildConfigurationList = 5D2945F727215C45007FC73F /* Build configuration list for PBXNativeTarget "ios-emarsys-sdk-swift" */;
			buildPhases = (
				D84FAE4FAB5FAC53F03E905D /* [CP] Check Pods Manifest.lock */,
				5D2945DE27215C45007FC73F /* Headers */,
				5D2945DF27215C45007FC73F /* Sources */,
				5D2945E027215C45007FC73F /* Frameworks */,
				5D2945E127215C45007FC73F /* Resources */,
			);
			buildRules = (
			);
			dependencies = (
			);
			name = "ios-emarsys-sdk-swift";
			productName = "ios-emarsys-sdk-swift";
			productReference = 5D2945E327215C45007FC73F /* ios_emarsys_sdk_swift.framework */;
			productType = "com.apple.product-type.framework";
		};
		5D2945EC27215C45007FC73F /* ios-emarsys-sdk-swiftTests */ = {
			isa = PBXNativeTarget;
			buildConfigurationList = 5D2945FA27215C45007FC73F /* Build configuration list for PBXNativeTarget "ios-emarsys-sdk-swiftTests" */;
			buildPhases = (
				DD2A33AC4269968AAA6A5FE9 /* [CP] Check Pods Manifest.lock */,
				5D2945E927215C45007FC73F /* Sources */,
				5D2945EA27215C45007FC73F /* Frameworks */,
				5D2945EB27215C45007FC73F /* Resources */,
				74B77CB5120B4561398A4814 /* [CP] Embed Pods Frameworks */,
			);
			buildRules = (
			);
			dependencies = (
				5D2F0DA9273A6C99004D35B0 /* PBXTargetDependency */,
			);
			name = "ios-emarsys-sdk-swiftTests";
			productName = "ios-emarsys-sdk-swiftTests";
			productReference = 5D2945ED27215C45007FC73F /* ios-emarsys-sdk-swiftTests.xctest */;
			productType = "com.apple.product-type.bundle.unit-test";
		};
		5D2F0D99273A6C93004D35B0 /* SDKHostSwift */ = {
			isa = PBXNativeTarget;
			buildConfigurationList = 5D2F0DA7273A6C94004D35B0 /* Build configuration list for PBXNativeTarget "SDKHostSwift" */;
			buildPhases = (
				5D2F0D96273A6C93004D35B0 /* Sources */,
				5D2F0D97273A6C93004D35B0 /* Frameworks */,
				5D2F0D98273A6C93004D35B0 /* Resources */,
			);
			buildRules = (
			);
			dependencies = (
			);
			name = SDKHostSwift;
			productName = SDKHostSwift;
			productReference = 5D2F0D9A273A6C93004D35B0 /* SDKHostSwift.app */;
			productType = "com.apple.product-type.application";
		};
/* End PBXNativeTarget section */

/* Begin PBXProject section */
		5D2945DA27215C45007FC73F /* Project object */ = {
			isa = PBXProject;
			attributes = {
				BuildIndependentTargetsInParallel = 1;
				LastSwiftUpdateCheck = 1310;
				LastUpgradeCheck = 1310;
				ORGANIZATIONNAME = Emarsys;
				TargetAttributes = {
					5D2945E227215C45007FC73F = {
						CreatedOnToolsVersion = 13.0;
					};
					5D2945EC27215C45007FC73F = {
						CreatedOnToolsVersion = 13.0;
						TestTargetID = 5D2F0D99273A6C93004D35B0;
					};
					5D2F0D99273A6C93004D35B0 = {
						CreatedOnToolsVersion = 13.1;
					};
				};
			};
			buildConfigurationList = 5D2945DD27215C45007FC73F /* Build configuration list for PBXProject "ios-emarsys-sdk-swift" */;
			compatibilityVersion = "Xcode 13.0";
			developmentRegion = en;
			hasScannedForEncodings = 0;
			knownRegions = (
				en,
				Base,
			);
			mainGroup = 5D2945D927215C45007FC73F;
			productRefGroup = 5D2945E427215C45007FC73F /* Products */;
			projectDirPath = "";
			projectRoot = "";
			targets = (
				5D2945E227215C45007FC73F /* ios-emarsys-sdk-swift */,
				5D2945EC27215C45007FC73F /* ios-emarsys-sdk-swiftTests */,
				5D2F0D99273A6C93004D35B0 /* SDKHostSwift */,
			);
		};
/* End PBXProject section */

/* Begin PBXResourcesBuildPhase section */
		5D2945E127215C45007FC73F /* Resources */ = {
			isa = PBXResourcesBuildPhase;
			buildActionMask = 2147483647;
			files = (
				2A2585B42727F92100A7E810 /* Podfile in Resources */,
				5D29460027216019007FC73F /* EmarsysSDKSwift.podspec in Resources */,
			);
			runOnlyForDeploymentPostprocessing = 0;
		};
		5D2945EB27215C45007FC73F /* Resources */ = {
			isa = PBXResourcesBuildPhase;
			buildActionMask = 2147483647;
			files = (
			);
			runOnlyForDeploymentPostprocessing = 0;
		};
		5D2F0D98273A6C93004D35B0 /* Resources */ = {
			isa = PBXResourcesBuildPhase;
			buildActionMask = 2147483647;
			files = (
				5D2F0DA4273A6C94004D35B0 /* Preview Assets.xcassets in Resources */,
				5D2F0DA1273A6C94004D35B0 /* Assets.xcassets in Resources */,
			);
			runOnlyForDeploymentPostprocessing = 0;
		};
/* End PBXResourcesBuildPhase section */

/* Begin PBXShellScriptBuildPhase section */
		74B77CB5120B4561398A4814 /* [CP] Embed Pods Frameworks */ = {
			isa = PBXShellScriptBuildPhase;
			buildActionMask = 2147483647;
			files = (
			);
			inputFileListPaths = (
				"${PODS_ROOT}/Target Support Files/Pods-ios-emarsys-sdk-swiftTests/Pods-ios-emarsys-sdk-swiftTests-frameworks-${CONFIGURATION}-input-files.xcfilelist",
			);
			name = "[CP] Embed Pods Frameworks";
			outputFileListPaths = (
				"${PODS_ROOT}/Target Support Files/Pods-ios-emarsys-sdk-swiftTests/Pods-ios-emarsys-sdk-swiftTests-frameworks-${CONFIGURATION}-output-files.xcfilelist",
			);
			runOnlyForDeploymentPostprocessing = 0;
			shellPath = /bin/sh;
			shellScript = "\"${PODS_ROOT}/Target Support Files/Pods-ios-emarsys-sdk-swiftTests/Pods-ios-emarsys-sdk-swiftTests-frameworks.sh\"\n";
			showEnvVarsInLog = 0;
		};
		D84FAE4FAB5FAC53F03E905D /* [CP] Check Pods Manifest.lock */ = {
			isa = PBXShellScriptBuildPhase;
			buildActionMask = 2147483647;
			files = (
			);
			inputFileListPaths = (
			);
			inputPaths = (
				"${PODS_PODFILE_DIR_PATH}/Podfile.lock",
				"${PODS_ROOT}/Manifest.lock",
			);
			name = "[CP] Check Pods Manifest.lock";
			outputFileListPaths = (
			);
			outputPaths = (
				"$(DERIVED_FILE_DIR)/Pods-ios-emarsys-sdk-swift-checkManifestLockResult.txt",
			);
			runOnlyForDeploymentPostprocessing = 0;
			shellPath = /bin/sh;
			shellScript = "diff \"${PODS_PODFILE_DIR_PATH}/Podfile.lock\" \"${PODS_ROOT}/Manifest.lock\" > /dev/null\nif [ $? != 0 ] ; then\n    # print error to STDERR\n    echo \"error: The sandbox is not in sync with the Podfile.lock. Run 'pod install' or update your CocoaPods installation.\" >&2\n    exit 1\nfi\n# This output is used by Xcode 'outputs' to avoid re-running this script phase.\necho \"SUCCESS\" > \"${SCRIPT_OUTPUT_FILE_0}\"\n";
			showEnvVarsInLog = 0;
		};
		DD2A33AC4269968AAA6A5FE9 /* [CP] Check Pods Manifest.lock */ = {
			isa = PBXShellScriptBuildPhase;
			buildActionMask = 2147483647;
			files = (
			);
			inputFileListPaths = (
			);
			inputPaths = (
				"${PODS_PODFILE_DIR_PATH}/Podfile.lock",
				"${PODS_ROOT}/Manifest.lock",
			);
			name = "[CP] Check Pods Manifest.lock";
			outputFileListPaths = (
			);
			outputPaths = (
				"$(DERIVED_FILE_DIR)/Pods-ios-emarsys-sdk-swiftTests-checkManifestLockResult.txt",
			);
			runOnlyForDeploymentPostprocessing = 0;
			shellPath = /bin/sh;
			shellScript = "diff \"${PODS_PODFILE_DIR_PATH}/Podfile.lock\" \"${PODS_ROOT}/Manifest.lock\" > /dev/null\nif [ $? != 0 ] ; then\n    # print error to STDERR\n    echo \"error: The sandbox is not in sync with the Podfile.lock. Run 'pod install' or update your CocoaPods installation.\" >&2\n    exit 1\nfi\n# This output is used by Xcode 'outputs' to avoid re-running this script phase.\necho \"SUCCESS\" > \"${SCRIPT_OUTPUT_FILE_0}\"\n";
			showEnvVarsInLog = 0;
		};
/* End PBXShellScriptBuildPhase section */

/* Begin PBXSourcesBuildPhase section */
		5D2945DF27215C45007FC73F /* Sources */ = {
			isa = PBXSourcesBuildPhase;
			buildActionMask = 2147483647;
			files = (
				2AAE103327284A1900064246 /* PredictApi.swift in Sources */,
				5D2945E827215C45007FC73F /* ios_emarsys_sdk_swift.docc in Sources */,
				2A4C94D7273AB4B50016985C /* GeofenceLogger.swift in Sources */,
				57F5B7ED274674A6002BA84C /* MobileEngageInternal.swift in Sources */,
				2A7E1D79273BF8D00003F33E /* InboxApi.swift in Sources */,
				2AAE103427284A1E00064246 /* ConfigApi.swift in Sources */,
				57F5B7EF274674BE002BA84C /* MobileEngageLogger.swift in Sources */,
				2AAE1031272849FF00064246 /* OnEventActionApi.swift in Sources */,
				5D4745EB272982AC007ECAD6 /* LogLevelProtocol.swift in Sources */,
				2AAE1030272849F100064246 /* PushApi.swift in Sources */,
				2A767F1A27576E1300CEFE75 /* SdkActor.swift in Sources */,
				2A4C94D6273AB4B50016985C /* GeofenceInternal.swift in Sources */,
				2AAE103227284A1400064246 /* GeofenceApi.swift in Sources */,
				2A1BE93D27479E9400FFB79A /* ServiceUrls.swift in Sources */,
				5D4745EF272988C8007ECAD6 /* NotificationInformation.swift in Sources */,
				2A4C94D9273AB4FB0016985C /* PushInternal.swift in Sources */,
				2AAE102B272840D300064246 /* FlipperFeature.swift in Sources */,
				57F5B7EB27467484002BA84C /* MobileEngageApi.swift in Sources */,
				5D4745E727297FC5007ECAD6 /* SwiftEmarsys.swift in Sources */,
				2AAE102D272840D300064246 /* InAppApi.swift in Sources */,
				2A7E1D78273BF8D00003F33E /* InboxInternal.swift in Sources */,
				57F5B7FC27468CD6002BA84C /* DeepLinkLogger.swift in Sources */,
				5D4745E927298260007ECAD6 /* Config.swift in Sources */,
				FB89B5149F16003DAAEAF6AB /* Action.swift in Sources */,
				FB89B37D0B6AF7C46408535B /* Event.swift in Sources */,
				FB89B2DA46EC705E655488DE /* EventPublisher.swift in Sources */,
				FB89B5CBD2BE87DF419304B9 /* Geofence.swift in Sources */,
				FB89B3A64A60B8F6B449CD2E /* CartItem.swift in Sources */,
				57F5B7FA27468CC4002BA84C /* DeepLinkInternal.swift in Sources */,
				FB89B5118F847604589471E9 /* RecommendationFilter.swift in Sources */,
				FB89B742122B85D552F3CD02 /* Product.swift in Sources */,
				FB8AACB08D111DD99BB31994 /* Logic.swift in Sources */,
				FB8AACC7C5E4E4733427A1B3 /* LogicType.swift in Sources */,
				FB8AA060E030258E80955F44 /* PredictCartItem.swift in Sources */,
				2A7E1D7A273BF8D00003F33E /* InboxMessage.swift in Sources */,
				2A4C94D2273AB47A0016985C /* InAppInternal.swift in Sources */,
				2A4C94CF273AB4170016985C /* ConfigInternal.swift in Sources */,
				FB8AA0C138F990876F5C33B0 /* ComparisonType.swift in Sources */,
				2A4C94D3273AB47A0016985C /* InAppLogger.swift in Sources */,
				FB8AAA94F8ED81AB7239DBEB /* Trigger.swift in Sources */,
				FB8AA47C67596EF912BC6952 /* TriggerType.swift in Sources */,
				FB8A33450029B183C6F58B03 /* PushLogger.swift in Sources */,
				2A7E1D87273D610B0003F33E /* EmarsysDependency.swift in Sources */,
				2A7E1D7C273BF8D00003F33E /* InboxLogger.swift in Sources */,
				57F5B7F827468CAE002BA84C /* DeepLinkApi.swift in Sources */,
				2ABAA4C5275915FF00851BB2 /* ExposedPredict.swift in Sources */,
				FB8A358BFE5EE80FAD29120B /* OnEventActionInternal.swift in Sources */,
				FB8A3476E57417A115E9A418 /* OnEventActionLogger.swift in Sources */,
				FB8A3A23E7B6AEDD9CCD0BF2 /* GeofenceMapper.swift in Sources */,
				5777159527562FC80005F800 /* FakeNotificationCenterDelegate.swift in Sources */,
				FB8A3D163329BC4B39BC7A5F /* PredictInternal.swift in Sources */,
				FB8A3F0996FFAB811D1CBDDF /* PredictLogger.swift in Sources */,
				FB8AAB0D1803A6BA1925A2CD /* EmarsysContainer.swift in Sources */,
				FB8A38FCE17D998E37B7C995 /* DependencyInjection.swift in Sources */,
				FB8A36B69B7F6CB65CE81788 /* Constants.swift in Sources */,
				FB8A3B4BE22F616D307041A0 /* SchemaContract.swift in Sources */,
				FB8A344F9985C0F7B45615F0 /* InAppInternalProtocol.swift in Sources */,
				FB8A3EC6E34C0E1C1225B1FC /* PredictInternalProtocol.swift in Sources */,
				2ACFC458275675C4007DA5FE /* EmarsysError.swift in Sources */,
			);
			runOnlyForDeploymentPostprocessing = 0;
		};
		5D2945E927215C45007FC73F /* Sources */ = {
			isa = PBXSourcesBuildPhase;
			buildActionMask = 2147483647;
			files = (
				5714DB622743A81E006290BC /* FakeEMSPush.swift in Sources */,
				57F5B7F227467771002BA84C /* MobileEngageInternalTests.swift in Sources */,
				57C2DE52273D62ED00302EB1 /* FakeEMSInbox.swift in Sources */,
				57C2DE56273D63BB00302EB1 /* InboxInternalTests.swift in Sources */,
				5714DB692743B6ED006290BC /* InAppInternalTests.swift in Sources */,
				2ABAA4BF2758F77C00851BB2 /* Fakable.swift in Sources */,
				57F5B7E427452C6D002BA84C /* FakeEMSProduct.swift in Sources */,
				57F5B7DF27450ECC002BA84C /* PredictInternalTests.swift in Sources */,
				0DC5752327356DAA00825A7C /* LogicTests.swift in Sources */,
				57F5B7F5274677A2002BA84C /* FakeEMSMobileEngage.swift in Sources */,
				57F5B7E227450F21002BA84C /* FakeEMSPredict.swift in Sources */,
				2ABAA4C32759141C00851BB2 /* FakePredictApi.swift in Sources */,
				2A309151275E5327009AB798 /* FakeDeepLinkApi.swift in Sources */,
				5D2945F327215C45007FC73F /* ios_emarsys_sdk_swiftTests.swift in Sources */,
				5714DB752743E2AA006290BC /* FakeEMSGeofence.swift in Sources */,
				57F5B7FF27469656002BA84C /* DeepLinkInternalTests.swift in Sources */,
				FB8AA1731ED61F678772D0BB /* RecommendationFilterTests.swift in Sources */,
				5714DB602743A73A006290BC /* PushInternalTests.swift in Sources */,
				57F5B7E627464642002BA84C /* FakeInboxResult.swift in Sources */,
				2ACFC45B27567635007DA5FE /* TestExtensions.swift in Sources */,
				57771593275627A30005F800 /* FakeEMSOnEventAction.swift in Sources */,
				57F5B80227469681002BA84C /* FakeEMSDeepLink.swift in Sources */,
				5714DB6F2743BCBC006290BC /* FakeEMSConfig.swift in Sources */,
				5714DB662743B6BE006290BC /* FakeEMSInApp.swift in Sources */,
				577715902756270C0005F800 /* OnEventActionTests.swift in Sources */,
				2ABAA4C12758FFC600851BB2 /* FakeMobileEngageApi.swift in Sources */,
				2ABAA4BD2758D36900851BB2 /* FakeDependencyContainer.swift in Sources */,
				FB8A3256880B61349203E432 /* GeofenceMapperTests.swift in Sources */,
				57F5B7E8274646D4002BA84C /* CallHandler.swift in Sources */,
				2A4748B42757893D005E4F9B /* EmarsysTests.swift in Sources */,
				5714DB6C2743BC95006290BC /* ConfigInternalTests.swift in Sources */,
				5714DB722743E273006290BC /* GeofenceInternalTests.swift in Sources */,
				FB8A3BDE7658E570DEC03D18 /* DependencyInjectionTests.swift in Sources */,
			);
			runOnlyForDeploymentPostprocessing = 0;
		};
		5D2F0D96273A6C93004D35B0 /* Sources */ = {
			isa = PBXSourcesBuildPhase;
			buildActionMask = 2147483647;
			files = (
				5D2F0D9F273A6C93004D35B0 /* ContentView.swift in Sources */,
				5D2F0D9D273A6C93004D35B0 /* SDKHostSwiftApp.swift in Sources */,
			);
			runOnlyForDeploymentPostprocessing = 0;
		};
/* End PBXSourcesBuildPhase section */

/* Begin PBXTargetDependency section */
		5D2F0DA9273A6C99004D35B0 /* PBXTargetDependency */ = {
			isa = PBXTargetDependency;
			target = 5D2F0D99273A6C93004D35B0 /* SDKHostSwift */;
			targetProxy = 5D2F0DA8273A6C99004D35B0 /* PBXContainerItemProxy */;
		};
/* End PBXTargetDependency section */

/* Begin XCBuildConfiguration section */
		5D2945F527215C45007FC73F /* Debug */ = {
			isa = XCBuildConfiguration;
			buildSettings = {
				ALWAYS_SEARCH_USER_PATHS = NO;
				CLANG_ANALYZER_NONNULL = YES;
				CLANG_ANALYZER_NUMBER_OBJECT_CONVERSION = YES_AGGRESSIVE;
				CLANG_CXX_LANGUAGE_STANDARD = "gnu++17";
				CLANG_CXX_LIBRARY = "libc++";
				CLANG_ENABLE_MODULES = YES;
				CLANG_ENABLE_OBJC_ARC = YES;
				CLANG_ENABLE_OBJC_WEAK = YES;
				CLANG_WARN_BLOCK_CAPTURE_AUTORELEASING = YES;
				CLANG_WARN_BOOL_CONVERSION = YES;
				CLANG_WARN_COMMA = YES;
				CLANG_WARN_CONSTANT_CONVERSION = YES;
				CLANG_WARN_DEPRECATED_OBJC_IMPLEMENTATIONS = YES;
				CLANG_WARN_DIRECT_OBJC_ISA_USAGE = YES_ERROR;
				CLANG_WARN_DOCUMENTATION_COMMENTS = YES;
				CLANG_WARN_EMPTY_BODY = YES;
				CLANG_WARN_ENUM_CONVERSION = YES;
				CLANG_WARN_INFINITE_RECURSION = YES;
				CLANG_WARN_INT_CONVERSION = YES;
				CLANG_WARN_NON_LITERAL_NULL_CONVERSION = YES;
				CLANG_WARN_OBJC_IMPLICIT_RETAIN_SELF = YES;
				CLANG_WARN_OBJC_LITERAL_CONVERSION = YES;
				CLANG_WARN_OBJC_ROOT_CLASS = YES_ERROR;
				CLANG_WARN_QUOTED_INCLUDE_IN_FRAMEWORK_HEADER = YES;
				CLANG_WARN_RANGE_LOOP_ANALYSIS = YES;
				CLANG_WARN_STRICT_PROTOTYPES = YES;
				CLANG_WARN_SUSPICIOUS_MOVE = YES;
				CLANG_WARN_UNGUARDED_AVAILABILITY = YES_AGGRESSIVE;
				CLANG_WARN_UNREACHABLE_CODE = YES;
				CLANG_WARN__DUPLICATE_METHOD_MATCH = YES;
				COPY_PHASE_STRIP = NO;
				CURRENT_PROJECT_VERSION = 1;
				DEBUG_INFORMATION_FORMAT = dwarf;
				ENABLE_STRICT_OBJC_MSGSEND = YES;
				ENABLE_TESTABILITY = YES;
				GCC_C_LANGUAGE_STANDARD = gnu11;
				GCC_DYNAMIC_NO_PIC = NO;
				GCC_NO_COMMON_BLOCKS = YES;
				GCC_OPTIMIZATION_LEVEL = 0;
				GCC_PREPROCESSOR_DEFINITIONS = (
					"DEBUG=1",
					"$(inherited)",
				);
				GCC_WARN_64_TO_32_BIT_CONVERSION = YES;
				GCC_WARN_ABOUT_RETURN_TYPE = YES_ERROR;
				GCC_WARN_UNDECLARED_SELECTOR = YES;
				GCC_WARN_UNINITIALIZED_AUTOS = YES_AGGRESSIVE;
				GCC_WARN_UNUSED_FUNCTION = YES;
				GCC_WARN_UNUSED_VARIABLE = YES;
				IPHONEOS_DEPLOYMENT_TARGET = 15.0;
				MTL_ENABLE_DEBUG_INFO = INCLUDE_SOURCE;
				MTL_FAST_MATH = YES;
				ONLY_ACTIVE_ARCH = YES;
				SDKROOT = iphoneos;
				SWIFT_ACTIVE_COMPILATION_CONDITIONS = DEBUG;
				SWIFT_OPTIMIZATION_LEVEL = "-Onone";
				VERSIONING_SYSTEM = "apple-generic";
				VERSION_INFO_PREFIX = "";
			};
			name = Debug;
		};
		5D2945F627215C45007FC73F /* Release */ = {
			isa = XCBuildConfiguration;
			buildSettings = {
				ALWAYS_SEARCH_USER_PATHS = NO;
				CLANG_ANALYZER_NONNULL = YES;
				CLANG_ANALYZER_NUMBER_OBJECT_CONVERSION = YES_AGGRESSIVE;
				CLANG_CXX_LANGUAGE_STANDARD = "gnu++17";
				CLANG_CXX_LIBRARY = "libc++";
				CLANG_ENABLE_MODULES = YES;
				CLANG_ENABLE_OBJC_ARC = YES;
				CLANG_ENABLE_OBJC_WEAK = YES;
				CLANG_WARN_BLOCK_CAPTURE_AUTORELEASING = YES;
				CLANG_WARN_BOOL_CONVERSION = YES;
				CLANG_WARN_COMMA = YES;
				CLANG_WARN_CONSTANT_CONVERSION = YES;
				CLANG_WARN_DEPRECATED_OBJC_IMPLEMENTATIONS = YES;
				CLANG_WARN_DIRECT_OBJC_ISA_USAGE = YES_ERROR;
				CLANG_WARN_DOCUMENTATION_COMMENTS = YES;
				CLANG_WARN_EMPTY_BODY = YES;
				CLANG_WARN_ENUM_CONVERSION = YES;
				CLANG_WARN_INFINITE_RECURSION = YES;
				CLANG_WARN_INT_CONVERSION = YES;
				CLANG_WARN_NON_LITERAL_NULL_CONVERSION = YES;
				CLANG_WARN_OBJC_IMPLICIT_RETAIN_SELF = YES;
				CLANG_WARN_OBJC_LITERAL_CONVERSION = YES;
				CLANG_WARN_OBJC_ROOT_CLASS = YES_ERROR;
				CLANG_WARN_QUOTED_INCLUDE_IN_FRAMEWORK_HEADER = YES;
				CLANG_WARN_RANGE_LOOP_ANALYSIS = YES;
				CLANG_WARN_STRICT_PROTOTYPES = YES;
				CLANG_WARN_SUSPICIOUS_MOVE = YES;
				CLANG_WARN_UNGUARDED_AVAILABILITY = YES_AGGRESSIVE;
				CLANG_WARN_UNREACHABLE_CODE = YES;
				CLANG_WARN__DUPLICATE_METHOD_MATCH = YES;
				COPY_PHASE_STRIP = NO;
				CURRENT_PROJECT_VERSION = 1;
				DEBUG_INFORMATION_FORMAT = "dwarf-with-dsym";
				ENABLE_NS_ASSERTIONS = NO;
				ENABLE_STRICT_OBJC_MSGSEND = YES;
				GCC_C_LANGUAGE_STANDARD = gnu11;
				GCC_NO_COMMON_BLOCKS = YES;
				GCC_WARN_64_TO_32_BIT_CONVERSION = YES;
				GCC_WARN_ABOUT_RETURN_TYPE = YES_ERROR;
				GCC_WARN_UNDECLARED_SELECTOR = YES;
				GCC_WARN_UNINITIALIZED_AUTOS = YES_AGGRESSIVE;
				GCC_WARN_UNUSED_FUNCTION = YES;
				GCC_WARN_UNUSED_VARIABLE = YES;
				IPHONEOS_DEPLOYMENT_TARGET = 15.0;
				MTL_ENABLE_DEBUG_INFO = NO;
				MTL_FAST_MATH = YES;
				SDKROOT = iphoneos;
				SWIFT_COMPILATION_MODE = wholemodule;
				SWIFT_OPTIMIZATION_LEVEL = "-O";
				VALIDATE_PRODUCT = YES;
				VERSIONING_SYSTEM = "apple-generic";
				VERSION_INFO_PREFIX = "";
			};
			name = Release;
		};
		5D2945F827215C45007FC73F /* Debug */ = {
			isa = XCBuildConfiguration;
			baseConfigurationReference = 7C7C5600BD5CD800842DD7AA /* Pods-ios-emarsys-sdk-swift.debug.xcconfig */;
			buildSettings = {
				CODE_SIGN_STYLE = Automatic;
				CURRENT_PROJECT_VERSION = 1;
				DEFINES_MODULE = YES;
				DEVELOPMENT_TEAM = 7ZFXXDJH82;
				DYLIB_COMPATIBILITY_VERSION = 1;
				DYLIB_CURRENT_VERSION = 1;
				DYLIB_INSTALL_NAME_BASE = "@rpath";
				GENERATE_INFOPLIST_FILE = YES;
				INFOPLIST_KEY_NSHumanReadableCopyright = "";
				INSTALL_PATH = "$(LOCAL_LIBRARY_DIR)/Frameworks";
				LD_RUNPATH_SEARCH_PATHS = (
					"$(inherited)",
					"@executable_path/Frameworks",
					"@loader_path/Frameworks",
				);
				MARKETING_VERSION = 1.0;
				PRODUCT_BUNDLE_IDENTIFIER = "com.emarsys.ios-emarsys-sdk-swift";
				PRODUCT_NAME = "$(TARGET_NAME:c99extidentifier)";
				SKIP_INSTALL = YES;
				SUPPORTS_MACCATALYST = NO;
				SWIFT_EMIT_LOC_STRINGS = YES;
				SWIFT_VERSION = 5.0;
				TARGETED_DEVICE_FAMILY = 1;
			};
			name = Debug;
		};
		5D2945F927215C45007FC73F /* Release */ = {
			isa = XCBuildConfiguration;
			baseConfigurationReference = EFE656219A1F7255FFB85C03 /* Pods-ios-emarsys-sdk-swift.release.xcconfig */;
			buildSettings = {
				CODE_SIGN_STYLE = Automatic;
				CURRENT_PROJECT_VERSION = 1;
				DEFINES_MODULE = YES;
				DEVELOPMENT_TEAM = 7ZFXXDJH82;
				DYLIB_COMPATIBILITY_VERSION = 1;
				DYLIB_CURRENT_VERSION = 1;
				DYLIB_INSTALL_NAME_BASE = "@rpath";
				GENERATE_INFOPLIST_FILE = YES;
				INFOPLIST_KEY_NSHumanReadableCopyright = "";
				INSTALL_PATH = "$(LOCAL_LIBRARY_DIR)/Frameworks";
				LD_RUNPATH_SEARCH_PATHS = (
					"$(inherited)",
					"@executable_path/Frameworks",
					"@loader_path/Frameworks",
				);
				MARKETING_VERSION = 1.0;
				PRODUCT_BUNDLE_IDENTIFIER = "com.emarsys.ios-emarsys-sdk-swift";
				PRODUCT_NAME = "$(TARGET_NAME:c99extidentifier)";
				SKIP_INSTALL = YES;
				SUPPORTS_MACCATALYST = NO;
				SWIFT_EMIT_LOC_STRINGS = YES;
				SWIFT_VERSION = 5.0;
				TARGETED_DEVICE_FAMILY = 1;
			};
			name = Release;
		};
		5D2945FB27215C45007FC73F /* Debug */ = {
			isa = XCBuildConfiguration;
			baseConfigurationReference = F6C58A27D46F894E0B443800 /* Pods-ios-emarsys-sdk-swiftTests.debug.xcconfig */;
			buildSettings = {
				ALWAYS_EMBED_SWIFT_STANDARD_LIBRARIES = YES;
				CODE_SIGN_STYLE = Automatic;
				CURRENT_PROJECT_VERSION = 1;
				DEVELOPMENT_TEAM = 7ZFXXDJH82;
				GENERATE_INFOPLIST_FILE = YES;
				LD_RUNPATH_SEARCH_PATHS = (
					"$(inherited)",
					"@executable_path/Frameworks",
					"@loader_path/Frameworks",
				);
				MARKETING_VERSION = 1.0;
				PRODUCT_BUNDLE_IDENTIFIER = "com.emarsys.ios-emarsys-sdk-swiftTests";
				PRODUCT_NAME = "$(TARGET_NAME)";
				SWIFT_EMIT_LOC_STRINGS = NO;
				SWIFT_VERSION = 5.0;
				TARGETED_DEVICE_FAMILY = "1,2";
				TEST_HOST = "$(BUILT_PRODUCTS_DIR)/SDKHostSwift.app/SDKHostSwift";
			};
			name = Debug;
		};
		5D2945FC27215C45007FC73F /* Release */ = {
			isa = XCBuildConfiguration;
			baseConfigurationReference = 18BD62C7980CB83965C8CC74 /* Pods-ios-emarsys-sdk-swiftTests.release.xcconfig */;
			buildSettings = {
				ALWAYS_EMBED_SWIFT_STANDARD_LIBRARIES = YES;
				CODE_SIGN_STYLE = Automatic;
				CURRENT_PROJECT_VERSION = 1;
				DEVELOPMENT_TEAM = 7ZFXXDJH82;
				GENERATE_INFOPLIST_FILE = YES;
				LD_RUNPATH_SEARCH_PATHS = (
					"$(inherited)",
					"@executable_path/Frameworks",
					"@loader_path/Frameworks",
				);
				MARKETING_VERSION = 1.0;
				PRODUCT_BUNDLE_IDENTIFIER = "com.emarsys.ios-emarsys-sdk-swiftTests";
				PRODUCT_NAME = "$(TARGET_NAME)";
				SWIFT_EMIT_LOC_STRINGS = NO;
				SWIFT_VERSION = 5.0;
				TARGETED_DEVICE_FAMILY = "1,2";
				TEST_HOST = "$(BUILT_PRODUCTS_DIR)/SDKHostSwift.app/SDKHostSwift";
			};
			name = Release;
		};
		5D2F0DA5273A6C94004D35B0 /* Debug */ = {
			isa = XCBuildConfiguration;
			buildSettings = {
				ASSETCATALOG_COMPILER_APPICON_NAME = AppIcon;
				ASSETCATALOG_COMPILER_GLOBAL_ACCENT_COLOR_NAME = AccentColor;
				CODE_SIGN_STYLE = Automatic;
				CURRENT_PROJECT_VERSION = 1;
				DEVELOPMENT_ASSET_PATHS = "\"SDKHostSwift/Preview Content\"";
				DEVELOPMENT_TEAM = 7ZFXXDJH82;
				ENABLE_PREVIEWS = YES;
				GENERATE_INFOPLIST_FILE = YES;
				INFOPLIST_KEY_UIApplicationSceneManifest_Generation = YES;
				INFOPLIST_KEY_UIApplicationSupportsIndirectInputEvents = YES;
				INFOPLIST_KEY_UILaunchScreen_Generation = YES;
				INFOPLIST_KEY_UISupportedInterfaceOrientations_iPad = "UIInterfaceOrientationPortrait UIInterfaceOrientationPortraitUpsideDown UIInterfaceOrientationLandscapeLeft UIInterfaceOrientationLandscapeRight";
				INFOPLIST_KEY_UISupportedInterfaceOrientations_iPhone = "UIInterfaceOrientationPortrait UIInterfaceOrientationLandscapeLeft UIInterfaceOrientationLandscapeRight";
				LD_RUNPATH_SEARCH_PATHS = (
					"$(inherited)",
					"@executable_path/Frameworks",
				);
				MARKETING_VERSION = 1.0;
				PRODUCT_BUNDLE_IDENTIFIER = com.emarsys.SDKHostSwift;
				PRODUCT_NAME = "$(TARGET_NAME)";
				SWIFT_EMIT_LOC_STRINGS = YES;
				SWIFT_VERSION = 5.0;
				TARGETED_DEVICE_FAMILY = "1,2";
			};
			name = Debug;
		};
		5D2F0DA6273A6C94004D35B0 /* Release */ = {
			isa = XCBuildConfiguration;
			buildSettings = {
				ASSETCATALOG_COMPILER_APPICON_NAME = AppIcon;
				ASSETCATALOG_COMPILER_GLOBAL_ACCENT_COLOR_NAME = AccentColor;
				CODE_SIGN_STYLE = Automatic;
				CURRENT_PROJECT_VERSION = 1;
				DEVELOPMENT_ASSET_PATHS = "\"SDKHostSwift/Preview Content\"";
				DEVELOPMENT_TEAM = 7ZFXXDJH82;
				ENABLE_PREVIEWS = YES;
				GENERATE_INFOPLIST_FILE = YES;
				INFOPLIST_KEY_UIApplicationSceneManifest_Generation = YES;
				INFOPLIST_KEY_UIApplicationSupportsIndirectInputEvents = YES;
				INFOPLIST_KEY_UILaunchScreen_Generation = YES;
				INFOPLIST_KEY_UISupportedInterfaceOrientations_iPad = "UIInterfaceOrientationPortrait UIInterfaceOrientationPortraitUpsideDown UIInterfaceOrientationLandscapeLeft UIInterfaceOrientationLandscapeRight";
				INFOPLIST_KEY_UISupportedInterfaceOrientations_iPhone = "UIInterfaceOrientationPortrait UIInterfaceOrientationLandscapeLeft UIInterfaceOrientationLandscapeRight";
				LD_RUNPATH_SEARCH_PATHS = (
					"$(inherited)",
					"@executable_path/Frameworks",
				);
				MARKETING_VERSION = 1.0;
				PRODUCT_BUNDLE_IDENTIFIER = com.emarsys.SDKHostSwift;
				PRODUCT_NAME = "$(TARGET_NAME)";
				SWIFT_EMIT_LOC_STRINGS = YES;
				SWIFT_VERSION = 5.0;
				TARGETED_DEVICE_FAMILY = "1,2";
			};
			name = Release;
		};
/* End XCBuildConfiguration section */

/* Begin XCConfigurationList section */
		5D2945DD27215C45007FC73F /* Build configuration list for PBXProject "ios-emarsys-sdk-swift" */ = {
			isa = XCConfigurationList;
			buildConfigurations = (
				5D2945F527215C45007FC73F /* Debug */,
				5D2945F627215C45007FC73F /* Release */,
			);
			defaultConfigurationIsVisible = 0;
			defaultConfigurationName = Release;
		};
		5D2945F727215C45007FC73F /* Build configuration list for PBXNativeTarget "ios-emarsys-sdk-swift" */ = {
			isa = XCConfigurationList;
			buildConfigurations = (
				5D2945F827215C45007FC73F /* Debug */,
				5D2945F927215C45007FC73F /* Release */,
			);
			defaultConfigurationIsVisible = 0;
			defaultConfigurationName = Release;
		};
		5D2945FA27215C45007FC73F /* Build configuration list for PBXNativeTarget "ios-emarsys-sdk-swiftTests" */ = {
			isa = XCConfigurationList;
			buildConfigurations = (
				5D2945FB27215C45007FC73F /* Debug */,
				5D2945FC27215C45007FC73F /* Release */,
			);
			defaultConfigurationIsVisible = 0;
			defaultConfigurationName = Release;
		};
		5D2F0DA7273A6C94004D35B0 /* Build configuration list for PBXNativeTarget "SDKHostSwift" */ = {
			isa = XCConfigurationList;
			buildConfigurations = (
				5D2F0DA5273A6C94004D35B0 /* Debug */,
				5D2F0DA6273A6C94004D35B0 /* Release */,
			);
			defaultConfigurationIsVisible = 0;
			defaultConfigurationName = Release;
		};
/* End XCConfigurationList section */
	};
	rootObject = 5D2945DA27215C45007FC73F /* Project object */;
}
